
Microsoft Visual Studio Solution File, Format Version 12.00
# Visual Studio Version 17
VisualStudioVersion = 17.13.35931.197 d17.13
MinimumVisualStudioVersion = 10.0.40219.1
Project("{8BC9CEB8-8B4A-11D0-8D11-00A0C91BC942}") = "App_BulletExampleBrowser", "App_BulletExampleBrowser.vcxproj", "{5F71673D-E402-1F49-B47A-3026FF386F25}"
	ProjectSection(ProjectDependencies) = postProject
		{150D92BD-227D-6D45-ADA2-3C327BE4F328} = {150D92BD-227D-6D45-ADA2-3C327BE4F328}
		{4A9995B2-E7F8-FA4C-91B9-51A16AF9F75D} = {4A9995B2-E7F8-FA4C-91B9-51A16AF9F75D}
		{67F02A5B-34B1-AD43-8DD0-EFE7AB10BCBD} = {67F02A5B-34B1-AD43-8DD0-EFE7AB10BCBD}
		{6A13BC40-903F-494A-A997-1BEF7119A9C4} = {6A13BC40-903F-494A-A997-1BEF7119A9C4}
		{6B1558A8-9933-0145-B298-F2ED3DFB991A} = {6B1558A8-9933-0145-B298-F2ED3DFB991A}
		{6DB5DE3C-BE10-1D40-8616-0DDF8820D270} = {6DB5DE3C-BE10-1D40-8616-0DDF8820D270}
		{7B5B5BE2-DE71-6746-9818-59A91E61E0E0} = {7B5B5BE2-DE71-6746-9818-59A91E61E0E0}
		{82AF3023-9C57-774C-8878-5CCB496954C2} = {82AF3023-9C57-774C-8878-5CCB496954C2}
		{8AAFE0AD-DFED-DA40-953B-3B029BFD898E} = {8AAFE0AD-DFED-DA40-953B-3B029BFD898E}
		{ABC41965-0EA8-D744-BA71-288E00BDB1F9} = {ABC41965-0EA8-D744-BA71-288E00BDB1F9}
		{CCB41780-3DB0-BE4E-BBBC-7BA8DCE52742} = {CCB41780-3DB0-BE4E-BBBC-7BA8DCE52742}
		{CDB720E5-53EA-C74C-97E8-4F6182985B9B} = {CDB720E5-53EA-C74C-97E8-4F6182985B9B}
		{D41573C8-94DC-D24B-ACE2-3594946EC5C5} = {D41573C8-94DC-D24B-ACE2-3594946EC5C5}
		{E65BB58D-B8E6-9941-A15E-B7F1F489099C} = {E65BB58D-B8E6-9941-A15E-B7F1F489099C}
		{EC461A08-9FC0-E049-A0F4-7C5973D68C8F} = {EC461A08-9FC0-E049-A0F4-7C5973D68C8F}
	EndProjectSection
EndProject
Project("{8BC9CEB8-8B4A-11D0-8D11-00A0C91BC942}") = "BulletExampleBrowserLib", "BulletExampleBrowserLib.vcxproj", "{E65BB58D-B8E6-9941-A15E-B7F1F489099C}"
EndProject
Project("{8BC9CEB8-8B4A-11D0-8D11-00A0C91BC942}") = "App_RobotSimulator", "App_RobotSimulator.vcxproj", "{B2141CC2-B338-7E4E-917C-00916F24E24D}"
	ProjectSection(ProjectDependencies) = postProject
		{0875BCEB-2893-AC46-90F4-305B904F832F} = {0875BCEB-2893-AC46-90F4-305B904F832F}
		{150D92BD-227D-6D45-ADA2-3C327BE4F328} = {150D92BD-227D-6D45-ADA2-3C327BE4F328}
		{2CEE0B3E-9FB2-7542-B4DF-AA25FBCB6E02} = {2CEE0B3E-9FB2-7542-B4DF-AA25FBCB6E02}
		{4A9995B2-E7F8-FA4C-91B9-51A16AF9F75D} = {4A9995B2-E7F8-FA4C-91B9-51A16AF9F75D}
		{67F02A5B-34B1-AD43-8DD0-EFE7AB10BCBD} = {67F02A5B-34B1-AD43-8DD0-EFE7AB10BCBD}
		{682DC0C1-84FE-F443-9D33-5613F855CDA7} = {682DC0C1-84FE-F443-9D33-5613F855CDA7}
		{6A13BC40-903F-494A-A997-1BEF7119A9C4} = {6A13BC40-903F-494A-A997-1BEF7119A9C4}
		{6B1558A8-9933-0145-B298-F2ED3DFB991A} = {6B1558A8-9933-0145-B298-F2ED3DFB991A}
		{6DB5DE3C-BE10-1D40-8616-0DDF8820D270} = {6DB5DE3C-BE10-1D40-8616-0DDF8820D270}
		{7B5B5BE2-DE71-6746-9818-59A91E61E0E0} = {7B5B5BE2-DE71-6746-9818-59A91E61E0E0}
		{82AF3023-9C57-774C-8878-5CCB496954C2} = {82AF3023-9C57-774C-8878-5CCB496954C2}
		{8AAFE0AD-DFED-DA40-953B-3B029BFD898E} = {8AAFE0AD-DFED-DA40-953B-3B029BFD898E}
		{8B266C6E-8FF8-834C-8933-519130AE6B2B} = {8B266C6E-8FF8-834C-8933-519130AE6B2B}
		{ABC41965-0EA8-D744-BA71-288E00BDB1F9} = {ABC41965-0EA8-D744-BA71-288E00BDB1F9}
		{CCB41780-3DB0-BE4E-BBBC-7BA8DCE52742} = {CCB41780-3DB0-BE4E-BBBC-7BA8DCE52742}
		{CDB720E5-53EA-C74C-97E8-4F6182985B9B} = {CDB720E5-53EA-C74C-97E8-4F6182985B9B}
		{D41573C8-94DC-D24B-ACE2-3594946EC5C5} = {D41573C8-94DC-D24B-ACE2-3594946EC5C5}
		{E65BB58D-B8E6-9941-A15E-B7F1F489099C} = {E65BB58D-B8E6-9941-A15E-B7F1F489099C}
		{EC461A08-9FC0-E049-A0F4-7C5973D68C8F} = {EC461A08-9FC0-E049-A0F4-7C5973D68C8F}
	EndProjectSection
EndProject
Project("{8BC9CEB8-8B4A-11D0-8D11-00A0C91BC942}") = "OpenGL_Window", "OpenGL_Window.vcxproj", "{EC461A08-9FC0-E049-A0F4-7C5973D68C8F}"
EndProject
Project("{8BC9CEB8-8B4A-11D0-8D11-00A0C91BC942}") = "gwen", "gwen.vcxproj", "{D41573C8-94DC-D24B-ACE2-3594946EC5C5}"
EndProject
Project("{8BC9CEB8-8B4A-11D0-8D11-00A0C91BC942}") = "App_HelloWorld", "App_HelloWorld.vcxproj", "{EF9FCBFC-A44B-DC4F-9DA4-6BBCFAD2AC4C}"
	ProjectSection(ProjectDependencies) = postProject
		{ABC41965-0EA8-D744-BA71-288E00BDB1F9} = {ABC41965-0EA8-D744-BA71-288E00BDB1F9}
		{CCB41780-3DB0-BE4E-BBBC-7BA8DCE52742} = {CCB41780-3DB0-BE4E-BBBC-7BA8DCE52742}
		{CDB720E5-53EA-C74C-97E8-4F6182985B9B} = {CDB720E5-53EA-C74C-97E8-4F6182985B9B}
	EndProjectSection
EndProject
Project("{8BC9CEB8-8B4A-11D0-8D11-00A0C91BC942}") = "App_PhysicsServer_SharedMemory", "App_PhysicsServer_SharedMemory.vcxproj", "{227DC7B4-09A9-FB43-9771-F6B6C173BBCD}"
	ProjectSection(ProjectDependencies) = postProject
		{4A9995B2-E7F8-FA4C-91B9-51A16AF9F75D} = {4A9995B2-E7F8-FA4C-91B9-51A16AF9F75D}
		{67F02A5B-34B1-AD43-8DD0-EFE7AB10BCBD} = {67F02A5B-34B1-AD43-8DD0-EFE7AB10BCBD}
		{6DB5DE3C-BE10-1D40-8616-0DDF8820D270} = {6DB5DE3C-BE10-1D40-8616-0DDF8820D270}
		{7B5B5BE2-DE71-6746-9818-59A91E61E0E0} = {7B5B5BE2-DE71-6746-9818-59A91E61E0E0}
		{ABC41965-0EA8-D744-BA71-288E00BDB1F9} = {ABC41965-0EA8-D744-BA71-288E00BDB1F9}
		{CCB41780-3DB0-BE4E-BBBC-7BA8DCE52742} = {CCB41780-3DB0-BE4E-BBBC-7BA8DCE52742}
		{CDB720E5-53EA-C74C-97E8-4F6182985B9B} = {CDB720E5-53EA-C74C-97E8-4F6182985B9B}
	EndProjectSection
EndProject
Project("{8BC9CEB8-8B4A-11D0-8D11-00A0C91BC942}") = "App_PhysicsServer_SharedMemory_GUI", "App_PhysicsServer_SharedMemory_GUI.vcxproj", "{559EA730-0FEA-5141-A3B4-AA2B8368B9A1}"
	ProjectSection(ProjectDependencies) = postProject
		{4A9995B2-E7F8-FA4C-91B9-51A16AF9F75D} = {4A9995B2-E7F8-FA4C-91B9-51A16AF9F75D}
		{67F02A5B-34B1-AD43-8DD0-EFE7AB10BCBD} = {67F02A5B-34B1-AD43-8DD0-EFE7AB10BCBD}
		{6DB5DE3C-BE10-1D40-8616-0DDF8820D270} = {6DB5DE3C-BE10-1D40-8616-0DDF8820D270}
		{7B5B5BE2-DE71-6746-9818-59A91E61E0E0} = {7B5B5BE2-DE71-6746-9818-59A91E61E0E0}
		{ABC41965-0EA8-D744-BA71-288E00BDB1F9} = {ABC41965-0EA8-D744-BA71-288E00BDB1F9}
		{CCB41780-3DB0-BE4E-BBBC-7BA8DCE52742} = {CCB41780-3DB0-BE4E-BBBC-7BA8DCE52742}
		{CDB720E5-53EA-C74C-97E8-4F6182985B9B} = {CDB720E5-53EA-C74C-97E8-4F6182985B9B}
		{EC461A08-9FC0-E049-A0F4-7C5973D68C8F} = {EC461A08-9FC0-E049-A0F4-7C5973D68C8F}
	EndProjectSection
EndProject
Project("{8BC9CEB8-8B4A-11D0-8D11-00A0C91BC942}") = "App_PhysicsServer_SharedMemory_VR", "App_PhysicsServer_SharedMemory_VR.vcxproj", "{8ED7A4FF-4994-8749-A6D4-540CBFFBA61D}"
	ProjectSection(ProjectDependencies) = postProject
		{4A9995B2-E7F8-FA4C-91B9-51A16AF9F75D} = {4A9995B2-E7F8-FA4C-91B9-51A16AF9F75D}
		{67F02A5B-34B1-AD43-8DD0-EFE7AB10BCBD} = {67F02A5B-34B1-AD43-8DD0-EFE7AB10BCBD}
		{6DB5DE3C-BE10-1D40-8616-0DDF8820D270} = {6DB5DE3C-BE10-1D40-8616-0DDF8820D270}
		{7B5B5BE2-DE71-6746-9818-59A91E61E0E0} = {7B5B5BE2-DE71-6746-9818-59A91E61E0E0}
		{ABC41965-0EA8-D744-BA71-288E00BDB1F9} = {ABC41965-0EA8-D744-BA71-288E00BDB1F9}
		{CCB41780-3DB0-BE4E-BBBC-7BA8DCE52742} = {CCB41780-3DB0-BE4E-BBBC-7BA8DCE52742}
		{CDB720E5-53EA-C74C-97E8-4F6182985B9B} = {CDB720E5-53EA-C74C-97E8-4F6182985B9B}
		{EC461A08-9FC0-E049-A0F4-7C5973D68C8F} = {EC461A08-9FC0-E049-A0F4-7C5973D68C8F}
	EndProjectSection
EndProject
Project("{8BC9CEB8-8B4A-11D0-8D11-00A0C91BC942}") = "App_PhysicsServerSharedMemoryBridgeUDP", "App_PhysicsServerSharedMemoryBridgeUDP.vcxproj", "{48DA3F2C-08A7-4B4E-BECE-7AAC8F128CE0}"
	ProjectSection(ProjectDependencies) = postProject
		{0875BCEB-2893-AC46-90F4-305B904F832F} = {0875BCEB-2893-AC46-90F4-305B904F832F}
		{2CEE0B3E-9FB2-7542-B4DF-AA25FBCB6E02} = {2CEE0B3E-9FB2-7542-B4DF-AA25FBCB6E02}
		{6DB5DE3C-BE10-1D40-8616-0DDF8820D270} = {6DB5DE3C-BE10-1D40-8616-0DDF8820D270}
		{CDB720E5-53EA-C74C-97E8-4F6182985B9B} = {CDB720E5-53EA-C74C-97E8-4F6182985B9B}
	EndProjectSection
EndProject
Project("{8BC9CEB8-8B4A-11D0-8D11-00A0C91BC942}") = "App_PhysicsServerUDP", "App_PhysicsServerUDP.vcxproj", "{D8F86466-6012-7640-800D-AEF34554C24A}"
	ProjectSection(ProjectDependencies) = postProject
		{0875BCEB-2893-AC46-90F4-305B904F832F} = {0875BCEB-2893-AC46-90F4-305B904F832F}
		{4A9995B2-E7F8-FA4C-91B9-51A16AF9F75D} = {4A9995B2-E7F8-FA4C-91B9-51A16AF9F75D}
		{67F02A5B-34B1-AD43-8DD0-EFE7AB10BCBD} = {67F02A5B-34B1-AD43-8DD0-EFE7AB10BCBD}
		{6DB5DE3C-BE10-1D40-8616-0DDF8820D270} = {6DB5DE3C-BE10-1D40-8616-0DDF8820D270}
		{7B5B5BE2-DE71-6746-9818-59A91E61E0E0} = {7B5B5BE2-DE71-6746-9818-59A91E61E0E0}
		{ABC41965-0EA8-D744-BA71-288E00BDB1F9} = {ABC41965-0EA8-D744-BA71-288E00BDB1F9}
		{CCB41780-3DB0-BE4E-BBBC-7BA8DCE52742} = {CCB41780-3DB0-BE4E-BBBC-7BA8DCE52742}
		{CDB720E5-53EA-C74C-97E8-4F6182985B9B} = {CDB720E5-53EA-C74C-97E8-4F6182985B9B}
	EndProjectSection
EndProject
Project("{8BC9CEB8-8B4A-11D0-8D11-00A0C91BC942}") = "App_PhysicsServerSharedMemoryBridgeTCP", "App_PhysicsServerSharedMemoryBridgeTCP.vcxproj", "{31857A1F-F862-6F48-96F3-BF9D014B89EF}"
	ProjectSection(ProjectDependencies) = postProject
		{2CEE0B3E-9FB2-7542-B4DF-AA25FBCB6E02} = {2CEE0B3E-9FB2-7542-B4DF-AA25FBCB6E02}
		{682DC0C1-84FE-F443-9D33-5613F855CDA7} = {682DC0C1-84FE-F443-9D33-5613F855CDA7}
		{6DB5DE3C-BE10-1D40-8616-0DDF8820D270} = {6DB5DE3C-BE10-1D40-8616-0DDF8820D270}
		{CDB720E5-53EA-C74C-97E8-4F6182985B9B} = {CDB720E5-53EA-C74C-97E8-4F6182985B9B}
	EndProjectSection
EndProject
Project("{8BC9CEB8-8B4A-11D0-8D11-00A0C91BC942}") = "App_PhysicsServerTCP", "App_PhysicsServerTCP.vcxproj", "{C9BD567A-AA5A-DA44-B317-E54C70B45E14}"
	ProjectSection(ProjectDependencies) = postProject
		{4A9995B2-E7F8-FA4C-91B9-51A16AF9F75D} = {4A9995B2-E7F8-FA4C-91B9-51A16AF9F75D}
		{67F02A5B-34B1-AD43-8DD0-EFE7AB10BCBD} = {67F02A5B-34B1-AD43-8DD0-EFE7AB10BCBD}
		{682DC0C1-84FE-F443-9D33-5613F855CDA7} = {682DC0C1-84FE-F443-9D33-5613F855CDA7}
		{6DB5DE3C-BE10-1D40-8616-0DDF8820D270} = {6DB5DE3C-BE10-1D40-8616-0DDF8820D270}
		{7B5B5BE2-DE71-6746-9818-59A91E61E0E0} = {7B5B5BE2-DE71-6746-9818-59A91E61E0E0}
		{ABC41965-0EA8-D744-BA71-288E00BDB1F9} = {ABC41965-0EA8-D744-BA71-288E00BDB1F9}
		{CCB41780-3DB0-BE4E-BBBC-7BA8DCE52742} = {CCB41780-3DB0-BE4E-BBBC-7BA8DCE52742}
		{CDB720E5-53EA-C74C-97E8-4F6182985B9B} = {CDB720E5-53EA-C74C-97E8-4F6182985B9B}
	EndProjectSection
EndProject
Project("{8BC9CEB8-8B4A-11D0-8D11-00A0C91BC942}") = "BussIK", "BussIK.vcxproj", "{7B5B5BE2-DE71-6746-9818-59A91E61E0E0}"
EndProject
Project("{8BC9CEB8-8B4A-11D0-8D11-00A0C91BC942}") = "pybullet", "pybullet.vcxproj", "{5D63B010-5AF4-CA4C-9F67-7CE6E6AEB585}"
	ProjectSection(ProjectDependencies) = postProject
		{0875BCEB-2893-AC46-90F4-305B904F832F} = {0875BCEB-2893-AC46-90F4-305B904F832F}
		{150D92BD-227D-6D45-ADA2-3C327BE4F328} = {150D92BD-227D-6D45-ADA2-3C327BE4F328}
		{2CEE0B3E-9FB2-7542-B4DF-AA25FBCB6E02} = {2CEE0B3E-9FB2-7542-B4DF-AA25FBCB6E02}
		{4A9995B2-E7F8-FA4C-91B9-51A16AF9F75D} = {4A9995B2-E7F8-FA4C-91B9-51A16AF9F75D}
		{67F02A5B-34B1-AD43-8DD0-EFE7AB10BCBD} = {67F02A5B-34B1-AD43-8DD0-EFE7AB10BCBD}
		{682DC0C1-84FE-F443-9D33-5613F855CDA7} = {682DC0C1-84FE-F443-9D33-5613F855CDA7}
		{6A13BC40-903F-494A-A997-1BEF7119A9C4} = {6A13BC40-903F-494A-A997-1BEF7119A9C4}
		{6B1558A8-9933-0145-B298-F2ED3DFB991A} = {6B1558A8-9933-0145-B298-F2ED3DFB991A}
		{6DB5DE3C-BE10-1D40-8616-0DDF8820D270} = {6DB5DE3C-BE10-1D40-8616-0DDF8820D270}
		{7B5B5BE2-DE71-6746-9818-59A91E61E0E0} = {7B5B5BE2-DE71-6746-9818-59A91E61E0E0}
		{82AF3023-9C57-774C-8878-5CCB496954C2} = {82AF3023-9C57-774C-8878-5CCB496954C2}
		{8AAFE0AD-DFED-DA40-953B-3B029BFD898E} = {8AAFE0AD-DFED-DA40-953B-3B029BFD898E}
		{8B266C6E-8FF8-834C-8933-519130AE6B2B} = {8B266C6E-8FF8-834C-8933-519130AE6B2B}
		{ABC41965-0EA8-D744-BA71-288E00BDB1F9} = {ABC41965-0EA8-D744-BA71-288E00BDB1F9}
		{CCB41780-3DB0-BE4E-BBBC-7BA8DCE52742} = {CCB41780-3DB0-BE4E-BBBC-7BA8DCE52742}
		{CDB720E5-53EA-C74C-97E8-4F6182985B9B} = {CDB720E5-53EA-C74C-97E8-4F6182985B9B}
		{D41573C8-94DC-D24B-ACE2-3594946EC5C5} = {D41573C8-94DC-D24B-ACE2-3594946EC5C5}
		{E65BB58D-B8E6-9941-A15E-B7F1F489099C} = {E65BB58D-B8E6-9941-A15E-B7F1F489099C}
		{EC461A08-9FC0-E049-A0F4-7C5973D68C8F} = {EC461A08-9FC0-E049-A0F4-7C5973D68C8F}
	EndProjectSection
EndProject
Project("{8BC9CEB8-8B4A-11D0-8D11-00A0C91BC942}") = "App_SimpleOpenGL3", "App_SimpleOpenGL3.vcxproj", "{27FD4EDB-4285-6841-A9A9-ADEDAD4C1D6A}"
	ProjectSection(ProjectDependencies) = postProject
		{6DB5DE3C-BE10-1D40-8616-0DDF8820D270} = {6DB5DE3C-BE10-1D40-8616-0DDF8820D270}
		{EC461A08-9FC0-E049-A0F4-7C5973D68C8F} = {EC461A08-9FC0-E049-A0F4-7C5973D68C8F}
	EndProjectSection
EndProject
Project("{8BC9CEB8-8B4A-11D0-8D11-00A0C91BC942}") = "Test_SharedMemoryPhysicsClient", "Test_SharedMemoryPhysicsClient.vcxproj", "{E6F8C2DC-715F-4B42-B18C-CBA49D1D8125}"
	ProjectSection(ProjectDependencies) = postProject
		{2CEE0B3E-9FB2-7542-B4DF-AA25FBCB6E02} = {2CEE0B3E-9FB2-7542-B4DF-AA25FBCB6E02}
		{6DB5DE3C-BE10-1D40-8616-0DDF8820D270} = {6DB5DE3C-BE10-1D40-8616-0DDF8820D270}
		{CDB720E5-53EA-C74C-97E8-4F6182985B9B} = {CDB720E5-53EA-C74C-97E8-4F6182985B9B}
	EndProjectSection
EndProject
Project("{8BC9CEB8-8B4A-11D0-8D11-00A0C91BC942}") = "Test_PhysicsClientUDP", "Test_PhysicsClientUDP.vcxproj", "{3021D563-AA95-7240-9173-036A09037E71}"
	ProjectSection(ProjectDependencies) = postProject
		{0875BCEB-2893-AC46-90F4-305B904F832F} = {0875BCEB-2893-AC46-90F4-305B904F832F}
		{2CEE0B3E-9FB2-7542-B4DF-AA25FBCB6E02} = {2CEE0B3E-9FB2-7542-B4DF-AA25FBCB6E02}
		{6DB5DE3C-BE10-1D40-8616-0DDF8820D270} = {6DB5DE3C-BE10-1D40-8616-0DDF8820D270}
		{CDB720E5-53EA-C74C-97E8-4F6182985B9B} = {CDB720E5-53EA-C74C-97E8-4F6182985B9B}
	EndProjectSection
EndProject
Project("{8BC9CEB8-8B4A-11D0-8D11-00A0C91BC942}") = "Test_PhysicsClientTCP", "Test_PhysicsClientTCP.vcxproj", "{3741E377-3FD1-A44C-B289-1FC193163790}"
	ProjectSection(ProjectDependencies) = postProject
		{2CEE0B3E-9FB2-7542-B4DF-AA25FBCB6E02} = {2CEE0B3E-9FB2-7542-B4DF-AA25FBCB6E02}
		{682DC0C1-84FE-F443-9D33-5613F855CDA7} = {682DC0C1-84FE-F443-9D33-5613F855CDA7}
		{6DB5DE3C-BE10-1D40-8616-0DDF8820D270} = {6DB5DE3C-BE10-1D40-8616-0DDF8820D270}
		{CDB720E5-53EA-C74C-97E8-4F6182985B9B} = {CDB720E5-53EA-C74C-97E8-4F6182985B9B}
	EndProjectSection
EndProject
Project("{8BC9CEB8-8B4A-11D0-8D11-00A0C91BC942}") = "Test_PhysicsServerLoopBack", "Test_PhysicsServerLoopBack.vcxproj", "{37323C50-2A41-F346-A850-0066F4780553}"
	ProjectSection(ProjectDependencies) = postProject
		{2CEE0B3E-9FB2-7542-B4DF-AA25FBCB6E02} = {2CEE0B3E-9FB2-7542-B4DF-AA25FBCB6E02}
		{4A9995B2-E7F8-FA4C-91B9-51A16AF9F75D} = {4A9995B2-E7F8-FA4C-91B9-51A16AF9F75D}
		{67F02A5B-34B1-AD43-8DD0-EFE7AB10BCBD} = {67F02A5B-34B1-AD43-8DD0-EFE7AB10BCBD}
		{6DB5DE3C-BE10-1D40-8616-0DDF8820D270} = {6DB5DE3C-BE10-1D40-8616-0DDF8820D270}
		{7B5B5BE2-DE71-6746-9818-59A91E61E0E0} = {7B5B5BE2-DE71-6746-9818-59A91E61E0E0}
		{8B266C6E-8FF8-834C-8933-519130AE6B2B} = {8B266C6E-8FF8-834C-8933-519130AE6B2B}
		{ABC41965-0EA8-D744-BA71-288E00BDB1F9} = {ABC41965-0EA8-D744-BA71-288E00BDB1F9}
		{CCB41780-3DB0-BE4E-BBBC-7BA8DCE52742} = {CCB41780-3DB0-BE4E-BBBC-7BA8DCE52742}
		{CDB720E5-53EA-C74C-97E8-4F6182985B9B} = {CDB720E5-53EA-C74C-97E8-4F6182985B9B}
	EndProjectSection
EndProject
Project("{8BC9CEB8-8B4A-11D0-8D11-00A0C91BC942}") = "Test_PhysicsServerDirect", "Test_PhysicsServerDirect.vcxproj", "{271A211B-B433-834B-A9CC-628C9EC42658}"
	ProjectSection(ProjectDependencies) = postProject
		{2CEE0B3E-9FB2-7542-B4DF-AA25FBCB6E02} = {2CEE0B3E-9FB2-7542-B4DF-AA25FBCB6E02}
		{4A9995B2-E7F8-FA4C-91B9-51A16AF9F75D} = {4A9995B2-E7F8-FA4C-91B9-51A16AF9F75D}
		{67F02A5B-34B1-AD43-8DD0-EFE7AB10BCBD} = {67F02A5B-34B1-AD43-8DD0-EFE7AB10BCBD}
		{6DB5DE3C-BE10-1D40-8616-0DDF8820D270} = {6DB5DE3C-BE10-1D40-8616-0DDF8820D270}
		{7B5B5BE2-DE71-6746-9818-59A91E61E0E0} = {7B5B5BE2-DE71-6746-9818-59A91E61E0E0}
		{8B266C6E-8FF8-834C-8933-519130AE6B2B} = {8B266C6E-8FF8-834C-8933-519130AE6B2B}
		{ABC41965-0EA8-D744-BA71-288E00BDB1F9} = {ABC41965-0EA8-D744-BA71-288E00BDB1F9}
		{CCB41780-3DB0-BE4E-BBBC-7BA8DCE52742} = {CCB41780-3DB0-BE4E-BBBC-7BA8DCE52742}
		{CDB720E5-53EA-C74C-97E8-4F6182985B9B} = {CDB720E5-53EA-C74C-97E8-4F6182985B9B}
	EndProjectSection
EndProject
Project("{8BC9CEB8-8B4A-11D0-8D11-00A0C91BC942}") = "Test_PhysicsServerInProcessExampleBrowser", "Test_PhysicsServerInProcessExampleBrowser.vcxproj", "{7E3DA64A-3361-D441-A866-EF475AF8C020}"
	ProjectSection(ProjectDependencies) = postProject
		{150D92BD-227D-6D45-ADA2-3C327BE4F328} = {150D92BD-227D-6D45-ADA2-3C327BE4F328}
		{2CEE0B3E-9FB2-7542-B4DF-AA25FBCB6E02} = {2CEE0B3E-9FB2-7542-B4DF-AA25FBCB6E02}
		{4A9995B2-E7F8-FA4C-91B9-51A16AF9F75D} = {4A9995B2-E7F8-FA4C-91B9-51A16AF9F75D}
		{67F02A5B-34B1-AD43-8DD0-EFE7AB10BCBD} = {67F02A5B-34B1-AD43-8DD0-EFE7AB10BCBD}
		{6A13BC40-903F-494A-A997-1BEF7119A9C4} = {6A13BC40-903F-494A-A997-1BEF7119A9C4}
		{6B1558A8-9933-0145-B298-F2ED3DFB991A} = {6B1558A8-9933-0145-B298-F2ED3DFB991A}
		{6DB5DE3C-BE10-1D40-8616-0DDF8820D270} = {6DB5DE3C-BE10-1D40-8616-0DDF8820D270}
		{7B5B5BE2-DE71-6746-9818-59A91E61E0E0} = {7B5B5BE2-DE71-6746-9818-59A91E61E0E0}
		{82AF3023-9C57-774C-8878-5CCB496954C2} = {82AF3023-9C57-774C-8878-5CCB496954C2}
		{8AAFE0AD-DFED-DA40-953B-3B029BFD898E} = {8AAFE0AD-DFED-DA40-953B-3B029BFD898E}
		{8B266C6E-8FF8-834C-8933-519130AE6B2B} = {8B266C6E-8FF8-834C-8933-519130AE6B2B}
		{ABC41965-0EA8-D744-BA71-288E00BDB1F9} = {ABC41965-0EA8-D744-BA71-288E00BDB1F9}
		{CCB41780-3DB0-BE4E-BBBC-7BA8DCE52742} = {CCB41780-3DB0-BE4E-BBBC-7BA8DCE52742}
		{CDB720E5-53EA-C74C-97E8-4F6182985B9B} = {CDB720E5-53EA-C74C-97E8-4F6182985B9B}
		{D41573C8-94DC-D24B-ACE2-3594946EC5C5} = {D41573C8-94DC-D24B-ACE2-3594946EC5C5}
		{E65BB58D-B8E6-9941-A15E-B7F1F489099C} = {E65BB58D-B8E6-9941-A15E-B7F1F489099C}
		{EC461A08-9FC0-E049-A0F4-7C5973D68C8F} = {EC461A08-9FC0-E049-A0F4-7C5973D68C8F}
	EndProjectSection
EndProject
Project("{8BC9CEB8-8B4A-11D0-8D11-00A0C91BC942}") = "rtMidiTest", "rtMidiTest.vcxproj", "{075C2975-EF18-8D41-B45C-91447DAE2882}"
EndProject
Project("{8BC9CEB8-8B4A-11D0-8D11-00A0C91BC942}") = "clsocket", "clsocket.vcxproj", "{682DC0C1-84FE-F443-9D33-5613F855CDA7}"
EndProject
Project("{8BC9CEB8-8B4A-11D0-8D11-00A0C91BC942}") = "Test_clsocket_EchoServer", "Test_clsocket_EchoServer.vcxproj", "{A97B51AA-5336-304B-AF51-9826D0118395}"
	ProjectSection(ProjectDependencies) = postProject
		{682DC0C1-84FE-F443-9D33-5613F855CDA7} = {682DC0C1-84FE-F443-9D33-5613F855CDA7}
	EndProjectSection
EndProject
Project("{8BC9CEB8-8B4A-11D0-8D11-00A0C91BC942}") = "Test_clsocket_QueryDayTime", "Test_clsocket_QueryDayTime.vcxproj", "{7DCCE2B3-8818-EB4E-BE35-799BC4CB195D}"
	ProjectSection(ProjectDependencies) = postProject
		{682DC0C1-84FE-F443-9D33-5613F855CDA7} = {682DC0C1-84FE-F443-9D33-5613F855CDA7}
	EndProjectSection
EndProject
Project("{8BC9CEB8-8B4A-11D0-8D11-00A0C91BC942}") = "enet", "enet.vcxproj", "{0875BCEB-2893-AC46-90F4-305B904F832F}"
EndProject
Project("{8BC9CEB8-8B4A-11D0-8D11-00A0C91BC942}") = "Test_enet_nat_punchthrough_client", "Test_enet_nat_punchthrough_client.vcxproj", "{1818F939-590A-0E43-9A37-F70B7427F062}"
	ProjectSection(ProjectDependencies) = postProject
		{0875BCEB-2893-AC46-90F4-305B904F832F} = {0875BCEB-2893-AC46-90F4-305B904F832F}
	EndProjectSection
EndProject
Project("{8BC9CEB8-8B4A-11D0-8D11-00A0C91BC942}") = "Test_enet_nat_punchthrough_server", "Test_enet_nat_punchthrough_server.vcxproj", "{1E11D460-9697-2348-AB2B-B08305570590}"
	ProjectSection(ProjectDependencies) = postProject
		{0875BCEB-2893-AC46-90F4-305B904F832F} = {0875BCEB-2893-AC46-90F4-305B904F832F}
	EndProjectSection
EndProject
Project("{8BC9CEB8-8B4A-11D0-8D11-00A0C91BC942}") = "Test_enet_chat_client", "Test_enet_chat_client.vcxproj", "{B3940507-6F76-2F49-B5F0-034D181504A4}"
	ProjectSection(ProjectDependencies) = postProject
		{0875BCEB-2893-AC46-90F4-305B904F832F} = {0875BCEB-2893-AC46-90F4-305B904F832F}
	EndProjectSection
EndProject
Project("{8BC9CEB8-8B4A-11D0-8D11-00A0C91BC942}") = "Test_enet_chat_server", "Test_enet_chat_server.vcxproj", "{539E28E2-13AB-4043-9F27-BDD8F4A72C5A}"
	ProjectSection(ProjectDependencies) = postProject
		{0875BCEB-2893-AC46-90F4-305B904F832F} = {0875BCEB-2893-AC46-90F4-305B904F832F}
	EndProjectSection
EndProject
Project("{8BC9CEB8-8B4A-11D0-8D11-00A0C91BC942}") = "Bullet3Common", "Bullet3Common.vcxproj", "{6DB5DE3C-BE10-1D40-8616-0DDF8820D270}"
EndProject
Project("{8BC9CEB8-8B4A-11D0-8D11-00A0C91BC942}") = "Bullet3Geometry", "Bullet3Geometry.vcxproj", "{8AAFE0AD-DFED-DA40-953B-3B029BFD898E}"
EndProject
Project("{8BC9CEB8-8B4A-11D0-8D11-00A0C91BC942}") = "Bullet3Collision", "Bullet3Collision.vcxproj", "{150D92BD-227D-6D45-ADA2-3C327BE4F328}"
EndProject
Project("{8BC9CEB8-8B4A-11D0-8D11-00A0C91BC942}") = "Bullet3Dynamics", "Bullet3Dynamics.vcxproj", "{82AF3023-9C57-774C-8878-5CCB496954C2}"
EndProject
Project("{8BC9CEB8-8B4A-11D0-8D11-00A0C91BC942}") = "Bullet3OpenCL_clew", "Bullet3OpenCL_clew.vcxproj", "{6B1558A8-9933-0145-B298-F2ED3DFB991A}"
EndProject
Project("{8BC9CEB8-8B4A-11D0-8D11-00A0C91BC942}") = "Bullet2FileLoader", "Bullet2FileLoader.vcxproj", "{1CE475D7-40C0-3342-9E53-3A095F1C2944}"
EndProject
Project("{8BC9CEB8-8B4A-11D0-8D11-00A0C91BC942}") = "HACD", "HACD.vcxproj", "{DD5DA0FF-C263-034E-9575-A4790439FF05}"
EndProject
Project("{8BC9CEB8-8B4A-11D0-8D11-00A0C91BC942}") = "vhacd", "vhacd.vcxproj", "{A4133F99-472E-2441-A87A-E546140BA9BF}"
EndProject
Project("{8BC9CEB8-8B4A-11D0-8D11-00A0C91BC942}") = "test_vhacd", "test_vhacd.vcxproj", "{D506A427-E5C6-1F44-B735-103F33F2C96D}"
	ProjectSection(ProjectDependencies) = postProject
		{A4133F99-472E-2441-A87A-E546140BA9BF} = {A4133F99-472E-2441-A87A-E546140BA9BF}
	EndProjectSection
EndProject
Project("{8BC9CEB8-8B4A-11D0-8D11-00A0C91BC942}") = "ConvexDecomposition", "ConvexDecomposition.vcxproj", "{3DB96D22-6AAB-ED4C-A156-90111D6190C8}"
EndProject
Project("{8BC9CEB8-8B4A-11D0-8D11-00A0C91BC942}") = "BulletInverseDynamicsUtils", "BulletInverseDynamicsUtils.vcxproj", "{67F02A5B-34B1-AD43-8DD0-EFE7AB10BCBD}"
EndProject
Project("{8BC9CEB8-8B4A-11D0-8D11-00A0C91BC942}") = "BulletFileLoader", "BulletFileLoader.vcxproj", "{2CEE0B3E-9FB2-7542-B4DF-AA25FBCB6E02}"
EndProject
Project("{8BC9CEB8-8B4A-11D0-8D11-00A0C91BC942}") = "BulletWorldImporter", "BulletWorldImporter.vcxproj", "{8B266C6E-8FF8-834C-8933-519130AE6B2B}"
EndProject
Project("{8BC9CEB8-8B4A-11D0-8D11-00A0C91BC942}") = "BulletXmlWorldImporter", "BulletXmlWorldImporter.vcxproj", "{5B45D2DF-4DA9-C444-833F-B55A5B5EC646}"
EndProject
Project("{8BC9CEB8-8B4A-11D0-8D11-00A0C91BC942}") = "App_obj2sdf", "App_obj2sdf.vcxproj", "{42BEC501-62BE-954A-83A1-53D396616502}"
	ProjectSection(ProjectDependencies) = postProject
		{6DB5DE3C-BE10-1D40-8616-0DDF8820D270} = {6DB5DE3C-BE10-1D40-8616-0DDF8820D270}
	EndProjectSection
EndProject
Project("{8BC9CEB8-8B4A-11D0-8D11-00A0C91BC942}") = "Test_LinearMath", "Test_LinearMath.vcxproj", "{B971AE99-F75A-1E43-BE93-0D3E93CDB04E}"
	ProjectSection(ProjectDependencies) = postProject
		{ABC41965-0EA8-D744-BA71-288E00BDB1F9} = {ABC41965-0EA8-D744-BA71-288E00BDB1F9}
		{CCB41780-3DB0-BE4E-BBBC-7BA8DCE52742} = {CCB41780-3DB0-BE4E-BBBC-7BA8DCE52742}
		{CDB720E5-53EA-C74C-97E8-4F6182985B9B} = {CDB720E5-53EA-C74C-97E8-4F6182985B9B}
	EndProjectSection
EndProject
Project("{8BC9CEB8-8B4A-11D0-8D11-00A0C91BC942}") = "gtest", "gtest.vcxproj", "{DF86D458-2A2F-4B4A-AB96-CD3837E41B85}"
EndProject
Project("{8BC9CEB8-8B4A-11D0-8D11-00A0C91BC942}") = "Test_BulletCollision", "Test_BulletCollision.vcxproj", "{F80B7718-1E0E-B64B-B318-02AFAB729D96}"
	ProjectSection(ProjectDependencies) = postProject
		{CDB720E5-53EA-C74C-97E8-4F6182985B9B} = {CDB720E5-53EA-C74C-97E8-4F6182985B9B}
		{DF86D458-2A2F-4B4A-AB96-CD3837E41B85} = {DF86D458-2A2F-4B4A-AB96-CD3837E41B85}
	EndProjectSection
EndProject
Project("{8BC9CEB8-8B4A-11D0-8D11-00A0C91BC942}") = "Test_BulletDynamics", "Test_BulletDynamics.vcxproj", "{1C29747C-DF6C-264D-B0F3-AD7E595B9B0B}"
	ProjectSection(ProjectDependencies) = postProject
		{ABC41965-0EA8-D744-BA71-288E00BDB1F9} = {ABC41965-0EA8-D744-BA71-288E00BDB1F9}
		{CCB41780-3DB0-BE4E-BBBC-7BA8DCE52742} = {CCB41780-3DB0-BE4E-BBBC-7BA8DCE52742}
		{CDB720E5-53EA-C74C-97E8-4F6182985B9B} = {CDB720E5-53EA-C74C-97E8-4F6182985B9B}
		{DF86D458-2A2F-4B4A-AB96-CD3837E41B85} = {DF86D458-2A2F-4B4A-AB96-CD3837E41B85}
	EndProjectSection
EndProject
Project("{8BC9CEB8-8B4A-11D0-8D11-00A0C91BC942}") = "Test_InverseDynamicsKinematics", "Test_InverseDynamicsKinematics.vcxproj", "{0A3C9521-C53A-2C48-BB4D-5CD513A4995B}"
	ProjectSection(ProjectDependencies) = postProject
		{4A9995B2-E7F8-FA4C-91B9-51A16AF9F75D} = {4A9995B2-E7F8-FA4C-91B9-51A16AF9F75D}
		{67F02A5B-34B1-AD43-8DD0-EFE7AB10BCBD} = {67F02A5B-34B1-AD43-8DD0-EFE7AB10BCBD}
		{6DB5DE3C-BE10-1D40-8616-0DDF8820D270} = {6DB5DE3C-BE10-1D40-8616-0DDF8820D270}
		{CDB720E5-53EA-C74C-97E8-4F6182985B9B} = {CDB720E5-53EA-C74C-97E8-4F6182985B9B}
		{DF86D458-2A2F-4B4A-AB96-CD3837E41B85} = {DF86D458-2A2F-4B4A-AB96-CD3837E41B85}
	EndProjectSection
EndProject
Project("{8BC9CEB8-8B4A-11D0-8D11-00A0C91BC942}") = "Test_InverseDynamicsJacobian", "Test_InverseDynamicsJacobian.vcxproj", "{13F9B58E-131E-AB47-9898-C95252C5D866}"
	ProjectSection(ProjectDependencies) = postProject
		{4A9995B2-E7F8-FA4C-91B9-51A16AF9F75D} = {4A9995B2-E7F8-FA4C-91B9-51A16AF9F75D}
		{67F02A5B-34B1-AD43-8DD0-EFE7AB10BCBD} = {67F02A5B-34B1-AD43-8DD0-EFE7AB10BCBD}
		{6DB5DE3C-BE10-1D40-8616-0DDF8820D270} = {6DB5DE3C-BE10-1D40-8616-0DDF8820D270}
		{CDB720E5-53EA-C74C-97E8-4F6182985B9B} = {CDB720E5-53EA-C74C-97E8-4F6182985B9B}
		{DF86D458-2A2F-4B4A-AB96-CD3837E41B85} = {DF86D458-2A2F-4B4A-AB96-CD3837E41B85}
	EndProjectSection
EndProject
Project("{8BC9CEB8-8B4A-11D0-8D11-00A0C91BC942}") = "Test_InverseForwardDynamics", "Test_InverseForwardDynamics.vcxproj", "{79B495C8-7F66-894E-8BF6-7D603F6A010B}"
	ProjectSection(ProjectDependencies) = postProject
		{4A9995B2-E7F8-FA4C-91B9-51A16AF9F75D} = {4A9995B2-E7F8-FA4C-91B9-51A16AF9F75D}
		{67F02A5B-34B1-AD43-8DD0-EFE7AB10BCBD} = {67F02A5B-34B1-AD43-8DD0-EFE7AB10BCBD}
		{6DB5DE3C-BE10-1D40-8616-0DDF8820D270} = {6DB5DE3C-BE10-1D40-8616-0DDF8820D270}
		{ABC41965-0EA8-D744-BA71-288E00BDB1F9} = {ABC41965-0EA8-D744-BA71-288E00BDB1F9}
		{CCB41780-3DB0-BE4E-BBBC-7BA8DCE52742} = {CCB41780-3DB0-BE4E-BBBC-7BA8DCE52742}
		{CDB720E5-53EA-C74C-97E8-4F6182985B9B} = {CDB720E5-53EA-C74C-97E8-4F6182985B9B}
		{DF86D458-2A2F-4B4A-AB96-CD3837E41B85} = {DF86D458-2A2F-4B4A-AB96-CD3837E41B85}
	EndProjectSection
EndProject
Project("{8BC9CEB8-8B4A-11D0-8D11-00A0C91BC942}") = "Test_OpenCL_Bullet3", "Test_OpenCL_Bullet3.vcxproj", "{E3DB5ACD-D1FC-5F4D-BEFE-C2036A7967EB}"
	ProjectSection(ProjectDependencies) = postProject
		{6B1558A8-9933-0145-B298-F2ED3DFB991A} = {6B1558A8-9933-0145-B298-F2ED3DFB991A}
		{6DB5DE3C-BE10-1D40-8616-0DDF8820D270} = {6DB5DE3C-BE10-1D40-8616-0DDF8820D270}
		{DF86D458-2A2F-4B4A-AB96-CD3837E41B85} = {DF86D458-2A2F-4B4A-AB96-CD3837E41B85}
	EndProjectSection
EndProject
Project("{8BC9CEB8-8B4A-11D0-8D11-00A0C91BC942}") = "Test_Gwen_OpenGL", "Test_Gwen_OpenGL.vcxproj", "{7CCE229F-651A-3E46-862F-9EB87A7BB6C4}"
	ProjectSection(ProjectDependencies) = postProject
		{6DB5DE3C-BE10-1D40-8616-0DDF8820D270} = {6DB5DE3C-BE10-1D40-8616-0DDF8820D270}
		{D41573C8-94DC-D24B-ACE2-3594946EC5C5} = {D41573C8-94DC-D24B-ACE2-3594946EC5C5}
	EndProjectSection
EndProject
Project("{8BC9CEB8-8B4A-11D0-8D11-00A0C91BC942}") = "BulletInverseDynamics", "BulletInverseDynamics.vcxproj", "{4A9995B2-E7F8-FA4C-91B9-51A16AF9F75D}"
EndProject
Project("{8BC9CEB8-8B4A-11D0-8D11-00A0C91BC942}") = "BulletSoftBody", "BulletSoftBody.vcxproj", "{6A13BC40-903F-494A-A997-1BEF7119A9C4}"
EndProject
Project("{8BC9CEB8-8B4A-11D0-8D11-00A0C91BC942}") = "BulletDynamics", "BulletDynamics.vcxproj", "{CCB41780-3DB0-BE4E-BBBC-7BA8DCE52742}"
	ProjectSection(ProjectDependencies) = postProject
		{ABC41965-0EA8-D744-BA71-288E00BDB1F9} = {ABC41965-0EA8-D744-BA71-288E00BDB1F9}
		{CDB720E5-53EA-C74C-97E8-4F6182985B9B} = {CDB720E5-53EA-C74C-97E8-4F6182985B9B}
	EndProjectSection
EndProject
Project("{8BC9CEB8-8B4A-11D0-8D11-00A0C91BC942}") = "BulletCollision", "BulletCollision.vcxproj", "{ABC41965-0EA8-D744-BA71-288E00BDB1F9}"
	ProjectSection(ProjectDependencies) = postProject
		{CDB720E5-53EA-C74C-97E8-4F6182985B9B} = {CDB720E5-53EA-C74C-97E8-4F6182985B9B}
	EndProjectSection
EndProject
Project("{8BC9CEB8-8B4A-11D0-8D11-00A0C91BC942}") = "LinearMath", "LinearMath.vcxproj", "{CDB720E5-53EA-C74C-97E8-4F6182985B9B}"
EndProject
Global
	GlobalSection(SolutionConfigurationPlatforms) = preSolution
		Debug|Win32 = Debug|Win32
		Debug|x64 = Debug|x64
		Release|Win32 = Release|Win32
		Release|x64 = Release|x64
	EndGlobalSection
	GlobalSection(ProjectConfigurationPlatforms) = postSolution
		{5F71673D-E402-1F49-B47A-3026FF386F25}.Debug|Win32.ActiveCfg = Debug|Win32
		{5F71673D-E402-1F49-B47A-3026FF386F25}.Debug|Win32.Build.0 = Debug|Win32
		{5F71673D-E402-1F49-B47A-3026FF386F25}.Debug|x64.ActiveCfg = Debug|x64
		{5F71673D-E402-1F49-B47A-3026FF386F25}.Debug|x64.Build.0 = Debug|x64
		{5F71673D-E402-1F49-B47A-3026FF386F25}.Release|Win32.ActiveCfg = Release|Win32
		{5F71673D-E402-1F49-B47A-3026FF386F25}.Release|Win32.Build.0 = Release|Win32
		{5F71673D-E402-1F49-B47A-3026FF386F25}.Release|x64.ActiveCfg = Release|x64
		{5F71673D-E402-1F49-B47A-3026FF386F25}.Release|x64.Build.0 = Release|x64
		{E65BB58D-B8E6-9941-A15E-B7F1F489099C}.Debug|Win32.ActiveCfg = Debug|Win32
		{E65BB58D-B8E6-9941-A15E-B7F1F489099C}.Debug|Win32.Build.0 = Debug|Win32
		{E65BB58D-B8E6-9941-A15E-B7F1F489099C}.Debug|x64.ActiveCfg = Debug|x64
		{E65BB58D-B8E6-9941-A15E-B7F1F489099C}.Debug|x64.Build.0 = Debug|x64
		{E65BB58D-B8E6-9941-A15E-B7F1F489099C}.Release|Win32.ActiveCfg = Release|Win32
		{E65BB58D-B8E6-9941-A15E-B7F1F489099C}.Release|Win32.Build.0 = Release|Win32
		{E65BB58D-B8E6-9941-A15E-B7F1F489099C}.Release|x64.ActiveCfg = Release|x64
		{E65BB58D-B8E6-9941-A15E-B7F1F489099C}.Release|x64.Build.0 = Release|x64
		{B2141CC2-B338-7E4E-917C-00916F24E24D}.Debug|Win32.ActiveCfg = Debug|Win32
		{B2141CC2-B338-7E4E-917C-00916F24E24D}.Debug|Win32.Build.0 = Debug|Win32
		{B2141CC2-B338-7E4E-917C-00916F24E24D}.Debug|x64.ActiveCfg = Debug|x64
		{B2141CC2-B338-7E4E-917C-00916F24E24D}.Debug|x64.Build.0 = Debug|x64
		{B2141CC2-B338-7E4E-917C-00916F24E24D}.Release|Win32.ActiveCfg = Release|Win32
		{B2141CC2-B338-7E4E-917C-00916F24E24D}.Release|Win32.Build.0 = Release|Win32
		{B2141CC2-B338-7E4E-917C-00916F24E24D}.Release|x64.ActiveCfg = Release|x64
		{B2141CC2-B338-7E4E-917C-00916F24E24D}.Release|x64.Build.0 = Release|x64
		{EC461A08-9FC0-E049-A0F4-7C5973D68C8F}.Debug|Win32.ActiveCfg = Debug|Win32
		{EC461A08-9FC0-E049-A0F4-7C5973D68C8F}.Debug|Win32.Build.0 = Debug|Win32
		{EC461A08-9FC0-E049-A0F4-7C5973D68C8F}.Debug|x64.ActiveCfg = Debug|x64
		{EC461A08-9FC0-E049-A0F4-7C5973D68C8F}.Debug|x64.Build.0 = Debug|x64
		{EC461A08-9FC0-E049-A0F4-7C5973D68C8F}.Release|Win32.ActiveCfg = Release|Win32
		{EC461A08-9FC0-E049-A0F4-7C5973D68C8F}.Release|Win32.Build.0 = Release|Win32
		{EC461A08-9FC0-E049-A0F4-7C5973D68C8F}.Release|x64.ActiveCfg = Release|x64
		{EC461A08-9FC0-E049-A0F4-7C5973D68C8F}.Release|x64.Build.0 = Release|x64
		{D41573C8-94DC-D24B-ACE2-3594946EC5C5}.Debug|Win32.ActiveCfg = Debug|Win32
		{D41573C8-94DC-D24B-ACE2-3594946EC5C5}.Debug|Win32.Build.0 = Debug|Win32
		{D41573C8-94DC-D24B-ACE2-3594946EC5C5}.Debug|x64.ActiveCfg = Debug|x64
		{D41573C8-94DC-D24B-ACE2-3594946EC5C5}.Debug|x64.Build.0 = Debug|x64
		{D41573C8-94DC-D24B-ACE2-3594946EC5C5}.Release|Win32.ActiveCfg = Release|Win32
		{D41573C8-94DC-D24B-ACE2-3594946EC5C5}.Release|Win32.Build.0 = Release|Win32
		{D41573C8-94DC-D24B-ACE2-3594946EC5C5}.Release|x64.ActiveCfg = Release|x64
		{D41573C8-94DC-D24B-ACE2-3594946EC5C5}.Release|x64.Build.0 = Release|x64
		{EF9FCBFC-A44B-DC4F-9DA4-6BBCFAD2AC4C}.Debug|Win32.ActiveCfg = Debug|Win32
		{EF9FCBFC-A44B-DC4F-9DA4-6BBCFAD2AC4C}.Debug|Win32.Build.0 = Debug|Win32
		{EF9FCBFC-A44B-DC4F-9DA4-6BBCFAD2AC4C}.Debug|x64.ActiveCfg = Debug|x64
		{EF9FCBFC-A44B-DC4F-9DA4-6BBCFAD2AC4C}.Debug|x64.Build.0 = Debug|x64
		{EF9FCBFC-A44B-DC4F-9DA4-6BBCFAD2AC4C}.Release|Win32.ActiveCfg = Release|Win32
		{EF9FCBFC-A44B-DC4F-9DA4-6BBCFAD2AC4C}.Release|Win32.Build.0 = Release|Win32
		{EF9FCBFC-A44B-DC4F-9DA4-6BBCFAD2AC4C}.Release|x64.ActiveCfg = Release|x64
		{EF9FCBFC-A44B-DC4F-9DA4-6BBCFAD2AC4C}.Release|x64.Build.0 = Release|x64
		{227DC7B4-09A9-FB43-9771-F6B6C173BBCD}.Debug|Win32.ActiveCfg = Debug|Win32
		{227DC7B4-09A9-FB43-9771-F6B6C173BBCD}.Debug|Win32.Build.0 = Debug|Win32
		{227DC7B4-09A9-FB43-9771-F6B6C173BBCD}.Debug|x64.ActiveCfg = Debug|x64
		{227DC7B4-09A9-FB43-9771-F6B6C173BBCD}.Debug|x64.Build.0 = Debug|x64
		{227DC7B4-09A9-FB43-9771-F6B6C173BBCD}.Release|Win32.ActiveCfg = Release|Win32
		{227DC7B4-09A9-FB43-9771-F6B6C173BBCD}.Release|Win32.Build.0 = Release|Win32
		{227DC7B4-09A9-FB43-9771-F6B6C173BBCD}.Release|x64.ActiveCfg = Release|x64
		{227DC7B4-09A9-FB43-9771-F6B6C173BBCD}.Release|x64.Build.0 = Release|x64
		{559EA730-0FEA-5141-A3B4-AA2B8368B9A1}.Debug|Win32.ActiveCfg = Debug|Win32
		{559EA730-0FEA-5141-A3B4-AA2B8368B9A1}.Debug|Win32.Build.0 = Debug|Win32
		{559EA730-0FEA-5141-A3B4-AA2B8368B9A1}.Debug|x64.ActiveCfg = Debug|x64
		{559EA730-0FEA-5141-A3B4-AA2B8368B9A1}.Debug|x64.Build.0 = Debug|x64
		{559EA730-0FEA-5141-A3B4-AA2B8368B9A1}.Release|Win32.ActiveCfg = Release|Win32
		{559EA730-0FEA-5141-A3B4-AA2B8368B9A1}.Release|Win32.Build.0 = Release|Win32
		{559EA730-0FEA-5141-A3B4-AA2B8368B9A1}.Release|x64.ActiveCfg = Release|x64
		{559EA730-0FEA-5141-A3B4-AA2B8368B9A1}.Release|x64.Build.0 = Release|x64
		{8ED7A4FF-4994-8749-A6D4-540CBFFBA61D}.Debug|Win32.ActiveCfg = Debug|Win32
		{8ED7A4FF-4994-8749-A6D4-540CBFFBA61D}.Debug|Win32.Build.0 = Debug|Win32
		{8ED7A4FF-4994-8749-A6D4-540CBFFBA61D}.Debug|x64.ActiveCfg = Debug|x64
		{8ED7A4FF-4994-8749-A6D4-540CBFFBA61D}.Debug|x64.Build.0 = Debug|x64
		{8ED7A4FF-4994-8749-A6D4-540CBFFBA61D}.Release|Win32.ActiveCfg = Release|Win32
		{8ED7A4FF-4994-8749-A6D4-540CBFFBA61D}.Release|Win32.Build.0 = Release|Win32
		{8ED7A4FF-4994-8749-A6D4-540CBFFBA61D}.Release|x64.ActiveCfg = Release|x64
		{8ED7A4FF-4994-8749-A6D4-540CBFFBA61D}.Release|x64.Build.0 = Release|x64
		{48DA3F2C-08A7-4B4E-BECE-7AAC8F128CE0}.Debug|Win32.ActiveCfg = Debug|Win32
		{48DA3F2C-08A7-4B4E-BECE-7AAC8F128CE0}.Debug|Win32.Build.0 = Debug|Win32
		{48DA3F2C-08A7-4B4E-BECE-7AAC8F128CE0}.Debug|x64.ActiveCfg = Debug|x64
		{48DA3F2C-08A7-4B4E-BECE-7AAC8F128CE0}.Debug|x64.Build.0 = Debug|x64
		{48DA3F2C-08A7-4B4E-BECE-7AAC8F128CE0}.Release|Win32.ActiveCfg = Release|Win32
		{48DA3F2C-08A7-4B4E-BECE-7AAC8F128CE0}.Release|Win32.Build.0 = Release|Win32
		{48DA3F2C-08A7-4B4E-BECE-7AAC8F128CE0}.Release|x64.ActiveCfg = Release|x64
		{48DA3F2C-08A7-4B4E-BECE-7AAC8F128CE0}.Release|x64.Build.0 = Release|x64
		{D8F86466-6012-7640-800D-AEF34554C24A}.Debug|Win32.ActiveCfg = Debug|Win32
		{D8F86466-6012-7640-800D-AEF34554C24A}.Debug|Win32.Build.0 = Debug|Win32
		{D8F86466-6012-7640-800D-AEF34554C24A}.Debug|x64.ActiveCfg = Debug|x64
		{D8F86466-6012-7640-800D-AEF34554C24A}.Debug|x64.Build.0 = Debug|x64
		{D8F86466-6012-7640-800D-AEF34554C24A}.Release|Win32.ActiveCfg = Release|Win32
		{D8F86466-6012-7640-800D-AEF34554C24A}.Release|Win32.Build.0 = Release|Win32
		{D8F86466-6012-7640-800D-AEF34554C24A}.Release|x64.ActiveCfg = Release|x64
		{D8F86466-6012-7640-800D-AEF34554C24A}.Release|x64.Build.0 = Release|x64
		{31857A1F-F862-6F48-96F3-BF9D014B89EF}.Debug|Win32.ActiveCfg = Debug|Win32
		{31857A1F-F862-6F48-96F3-BF9D014B89EF}.Debug|Win32.Build.0 = Debug|Win32
		{31857A1F-F862-6F48-96F3-BF9D014B89EF}.Debug|x64.ActiveCfg = Debug|x64
		{31857A1F-F862-6F48-96F3-BF9D014B89EF}.Debug|x64.Build.0 = Debug|x64
		{31857A1F-F862-6F48-96F3-BF9D014B89EF}.Release|Win32.ActiveCfg = Release|Win32
		{31857A1F-F862-6F48-96F3-BF9D014B89EF}.Release|Win32.Build.0 = Release|Win32
		{31857A1F-F862-6F48-96F3-BF9D014B89EF}.Release|x64.ActiveCfg = Release|x64
		{31857A1F-F862-6F48-96F3-BF9D014B89EF}.Release|x64.Build.0 = Release|x64
		{C9BD567A-AA5A-DA44-B317-E54C70B45E14}.Debug|Win32.ActiveCfg = Debug|Win32
		{C9BD567A-AA5A-DA44-B317-E54C70B45E14}.Debug|Win32.Build.0 = Debug|Win32
		{C9BD567A-AA5A-DA44-B317-E54C70B45E14}.Debug|x64.ActiveCfg = Debug|x64
		{C9BD567A-AA5A-DA44-B317-E54C70B45E14}.Debug|x64.Build.0 = Debug|x64
		{C9BD567A-AA5A-DA44-B317-E54C70B45E14}.Release|Win32.ActiveCfg = Release|Win32
		{C9BD567A-AA5A-DA44-B317-E54C70B45E14}.Release|Win32.Build.0 = Release|Win32
		{C9BD567A-AA5A-DA44-B317-E54C70B45E14}.Release|x64.ActiveCfg = Release|x64
		{C9BD567A-AA5A-DA44-B317-E54C70B45E14}.Release|x64.Build.0 = Release|x64
		{7B5B5BE2-DE71-6746-9818-59A91E61E0E0}.Debug|Win32.ActiveCfg = Debug|Win32
		{7B5B5BE2-DE71-6746-9818-59A91E61E0E0}.Debug|Win32.Build.0 = Debug|Win32
		{7B5B5BE2-DE71-6746-9818-59A91E61E0E0}.Debug|x64.ActiveCfg = Debug|x64
		{7B5B5BE2-DE71-6746-9818-59A91E61E0E0}.Debug|x64.Build.0 = Debug|x64
		{7B5B5BE2-DE71-6746-9818-59A91E61E0E0}.Release|Win32.ActiveCfg = Release|Win32
		{7B5B5BE2-DE71-6746-9818-59A91E61E0E0}.Release|Win32.Build.0 = Release|Win32
		{7B5B5BE2-DE71-6746-9818-59A91E61E0E0}.Release|x64.ActiveCfg = Release|x64
		{7B5B5BE2-DE71-6746-9818-59A91E61E0E0}.Release|x64.Build.0 = Release|x64
		{5D63B010-5AF4-CA4C-9F67-7CE6E6AEB585}.Debug|Win32.ActiveCfg = Debug|Win32
		{5D63B010-5AF4-CA4C-9F67-7CE6E6AEB585}.Debug|Win32.Build.0 = Debug|Win32
		{5D63B010-5AF4-CA4C-9F67-7CE6E6AEB585}.Debug|x64.ActiveCfg = Debug|x64
		{5D63B010-5AF4-CA4C-9F67-7CE6E6AEB585}.Debug|x64.Build.0 = Debug|x64
		{5D63B010-5AF4-CA4C-9F67-7CE6E6AEB585}.Release|Win32.ActiveCfg = Release|Win32
		{5D63B010-5AF4-CA4C-9F67-7CE6E6AEB585}.Release|Win32.Build.0 = Release|Win32
		{5D63B010-5AF4-CA4C-9F67-7CE6E6AEB585}.Release|x64.ActiveCfg = Release|x64
		{5D63B010-5AF4-CA4C-9F67-7CE6E6AEB585}.Release|x64.Build.0 = Release|x64
		{27FD4EDB-4285-6841-A9A9-ADEDAD4C1D6A}.Debug|Win32.ActiveCfg = Debug|Win32
		{27FD4EDB-4285-6841-A9A9-ADEDAD4C1D6A}.Debug|Win32.Build.0 = Debug|Win32
		{27FD4EDB-4285-6841-A9A9-ADEDAD4C1D6A}.Debug|x64.ActiveCfg = Debug|x64
		{27FD4EDB-4285-6841-A9A9-ADEDAD4C1D6A}.Debug|x64.Build.0 = Debug|x64
		{27FD4EDB-4285-6841-A9A9-ADEDAD4C1D6A}.Release|Win32.ActiveCfg = Release|Win32
		{27FD4EDB-4285-6841-A9A9-ADEDAD4C1D6A}.Release|Win32.Build.0 = Release|Win32
		{27FD4EDB-4285-6841-A9A9-ADEDAD4C1D6A}.Release|x64.ActiveCfg = Release|x64
		{27FD4EDB-4285-6841-A9A9-ADEDAD4C1D6A}.Release|x64.Build.0 = Release|x64
		{E6F8C2DC-715F-4B42-B18C-CBA49D1D8125}.Debug|Win32.ActiveCfg = Debug|Win32
		{E6F8C2DC-715F-4B42-B18C-CBA49D1D8125}.Debug|Win32.Build.0 = Debug|Win32
		{E6F8C2DC-715F-4B42-B18C-CBA49D1D8125}.Debug|x64.ActiveCfg = Debug|x64
		{E6F8C2DC-715F-4B42-B18C-CBA49D1D8125}.Debug|x64.Build.0 = Debug|x64
		{E6F8C2DC-715F-4B42-B18C-CBA49D1D8125}.Release|Win32.ActiveCfg = Release|Win32
		{E6F8C2DC-715F-4B42-B18C-CBA49D1D8125}.Release|Win32.Build.0 = Release|Win32
		{E6F8C2DC-715F-4B42-B18C-CBA49D1D8125}.Release|x64.ActiveCfg = Release|x64
		{E6F8C2DC-715F-4B42-B18C-CBA49D1D8125}.Release|x64.Build.0 = Release|x64
		{3021D563-AA95-7240-9173-036A09037E71}.Debug|Win32.ActiveCfg = Debug|Win32
		{3021D563-AA95-7240-9173-036A09037E71}.Debug|Win32.Build.0 = Debug|Win32
		{3021D563-AA95-7240-9173-036A09037E71}.Debug|x64.ActiveCfg = Debug|x64
		{3021D563-AA95-7240-9173-036A09037E71}.Debug|x64.Build.0 = Debug|x64
		{3021D563-AA95-7240-9173-036A09037E71}.Release|Win32.ActiveCfg = Release|Win32
		{3021D563-AA95-7240-9173-036A09037E71}.Release|Win32.Build.0 = Release|Win32
		{3021D563-AA95-7240-9173-036A09037E71}.Release|x64.ActiveCfg = Release|x64
		{3021D563-AA95-7240-9173-036A09037E71}.Release|x64.Build.0 = Release|x64
		{3741E377-3FD1-A44C-B289-1FC193163790}.Debug|Win32.ActiveCfg = Debug|Win32
		{3741E377-3FD1-A44C-B289-1FC193163790}.Debug|Win32.Build.0 = Debug|Win32
		{3741E377-3FD1-A44C-B289-1FC193163790}.Debug|x64.ActiveCfg = Debug|x64
		{3741E377-3FD1-A44C-B289-1FC193163790}.Debug|x64.Build.0 = Debug|x64
		{3741E377-3FD1-A44C-B289-1FC193163790}.Release|Win32.ActiveCfg = Release|Win32
		{3741E377-3FD1-A44C-B289-1FC193163790}.Release|Win32.Build.0 = Release|Win32
		{3741E377-3FD1-A44C-B289-1FC193163790}.Release|x64.ActiveCfg = Release|x64
		{3741E377-3FD1-A44C-B289-1FC193163790}.Release|x64.Build.0 = Release|x64
		{37323C50-2A41-F346-A850-0066F4780553}.Debug|Win32.ActiveCfg = Debug|Win32
		{37323C50-2A41-F346-A850-0066F4780553}.Debug|Win32.Build.0 = Debug|Win32
		{37323C50-2A41-F346-A850-0066F4780553}.Debug|x64.ActiveCfg = Debug|x64
		{37323C50-2A41-F346-A850-0066F4780553}.Debug|x64.Build.0 = Debug|x64
		{37323C50-2A41-F346-A850-0066F4780553}.Release|Win32.ActiveCfg = Release|Win32
		{37323C50-2A41-F346-A850-0066F4780553}.Release|Win32.Build.0 = Release|Win32
		{37323C50-2A41-F346-A850-0066F4780553}.Release|x64.ActiveCfg = Release|x64
		{37323C50-2A41-F346-A850-0066F4780553}.Release|x64.Build.0 = Release|x64
		{271A211B-B433-834B-A9CC-628C9EC42658}.Debug|Win32.ActiveCfg = Debug|Win32
		{271A211B-B433-834B-A9CC-628C9EC42658}.Debug|Win32.Build.0 = Debug|Win32
		{271A211B-B433-834B-A9CC-628C9EC42658}.Debug|x64.ActiveCfg = Debug|x64
		{271A211B-B433-834B-A9CC-628C9EC42658}.Debug|x64.Build.0 = Debug|x64
		{271A211B-B433-834B-A9CC-628C9EC42658}.Release|Win32.ActiveCfg = Release|Win32
		{271A211B-B433-834B-A9CC-628C9EC42658}.Release|Win32.Build.0 = Release|Win32
		{271A211B-B433-834B-A9CC-628C9EC42658}.Release|x64.ActiveCfg = Release|x64
		{271A211B-B433-834B-A9CC-628C9EC42658}.Release|x64.Build.0 = Release|x64
		{7E3DA64A-3361-D441-A866-EF475AF8C020}.Debug|Win32.ActiveCfg = Debug|Win32
		{7E3DA64A-3361-D441-A866-EF475AF8C020}.Debug|Win32.Build.0 = Debug|Win32
		{7E3DA64A-3361-D441-A866-EF475AF8C020}.Debug|x64.ActiveCfg = Debug|x64
		{7E3DA64A-3361-D441-A866-EF475AF8C020}.Debug|x64.Build.0 = Debug|x64
		{7E3DA64A-3361-D441-A866-EF475AF8C020}.Release|Win32.ActiveCfg = Release|Win32
		{7E3DA64A-3361-D441-A866-EF475AF8C020}.Release|Win32.Build.0 = Release|Win32
		{7E3DA64A-3361-D441-A866-EF475AF8C020}.Release|x64.ActiveCfg = Release|x64
		{7E3DA64A-3361-D441-A866-EF475AF8C020}.Release|x64.Build.0 = Release|x64
		{075C2975-EF18-8D41-B45C-91447DAE2882}.Debug|Win32.ActiveCfg = Debug|Win32
		{075C2975-EF18-8D41-B45C-91447DAE2882}.Debug|Win32.Build.0 = Debug|Win32
		{075C2975-EF18-8D41-B45C-91447DAE2882}.Debug|x64.ActiveCfg = Debug|x64
		{075C2975-EF18-8D41-B45C-91447DAE2882}.Debug|x64.Build.0 = Debug|x64
		{075C2975-EF18-8D41-B45C-91447DAE2882}.Release|Win32.ActiveCfg = Release|Win32
		{075C2975-EF18-8D41-B45C-91447DAE2882}.Release|Win32.Build.0 = Release|Win32
		{075C2975-EF18-8D41-B45C-91447DAE2882}.Release|x64.ActiveCfg = Release|x64
		{075C2975-EF18-8D41-B45C-91447DAE2882}.Release|x64.Build.0 = Release|x64
		{682DC0C1-84FE-F443-9D33-5613F855CDA7}.Debug|Win32.ActiveCfg = Debug|Win32
		{682DC0C1-84FE-F443-9D33-5613F855CDA7}.Debug|Win32.Build.0 = Debug|Win32
		{682DC0C1-84FE-F443-9D33-5613F855CDA7}.Debug|x64.ActiveCfg = Debug|x64
		{682DC0C1-84FE-F443-9D33-5613F855CDA7}.Debug|x64.Build.0 = Debug|x64
		{682DC0C1-84FE-F443-9D33-5613F855CDA7}.Release|Win32.ActiveCfg = Release|Win32
		{682DC0C1-84FE-F443-9D33-5613F855CDA7}.Release|Win32.Build.0 = Release|Win32
		{682DC0C1-84FE-F443-9D33-5613F855CDA7}.Release|x64.ActiveCfg = Release|x64
		{682DC0C1-84FE-F443-9D33-5613F855CDA7}.Release|x64.Build.0 = Release|x64
		{A97B51AA-5336-304B-AF51-9826D0118395}.Debug|Win32.ActiveCfg = Debug|Win32
		{A97B51AA-5336-304B-AF51-9826D0118395}.Debug|Win32.Build.0 = Debug|Win32
		{A97B51AA-5336-304B-AF51-9826D0118395}.Debug|x64.ActiveCfg = Debug|x64
		{A97B51AA-5336-304B-AF51-9826D0118395}.Debug|x64.Build.0 = Debug|x64
		{A97B51AA-5336-304B-AF51-9826D0118395}.Release|Win32.ActiveCfg = Release|Win32
		{A97B51AA-5336-304B-AF51-9826D0118395}.Release|Win32.Build.0 = Release|Win32
		{A97B51AA-5336-304B-AF51-9826D0118395}.Release|x64.ActiveCfg = Release|x64
		{A97B51AA-5336-304B-AF51-9826D0118395}.Release|x64.Build.0 = Release|x64
		{7DCCE2B3-8818-EB4E-BE35-799BC4CB195D}.Debug|Win32.ActiveCfg = Debug|Win32
		{7DCCE2B3-8818-EB4E-BE35-799BC4CB195D}.Debug|Win32.Build.0 = Debug|Win32
		{7DCCE2B3-8818-EB4E-BE35-799BC4CB195D}.Debug|x64.ActiveCfg = Debug|x64
		{7DCCE2B3-8818-EB4E-BE35-799BC4CB195D}.Debug|x64.Build.0 = Debug|x64
		{7DCCE2B3-8818-EB4E-BE35-799BC4CB195D}.Release|Win32.ActiveCfg = Release|Win32
		{7DCCE2B3-8818-EB4E-BE35-799BC4CB195D}.Release|Win32.Build.0 = Release|Win32
		{7DCCE2B3-8818-EB4E-BE35-799BC4CB195D}.Release|x64.ActiveCfg = Release|x64
		{7DCCE2B3-8818-EB4E-BE35-799BC4CB195D}.Release|x64.Build.0 = Release|x64
		{0875BCEB-2893-AC46-90F4-305B904F832F}.Debug|Win32.ActiveCfg = Debug|Win32
		{0875BCEB-2893-AC46-90F4-305B904F832F}.Debug|Win32.Build.0 = Debug|Win32
		{0875BCEB-2893-AC46-90F4-305B904F832F}.Debug|x64.ActiveCfg = Debug|x64
		{0875BCEB-2893-AC46-90F4-305B904F832F}.Debug|x64.Build.0 = Debug|x64
		{0875BCEB-2893-AC46-90F4-305B904F832F}.Release|Win32.ActiveCfg = Release|Win32
		{0875BCEB-2893-AC46-90F4-305B904F832F}.Release|Win32.Build.0 = Release|Win32
		{0875BCEB-2893-AC46-90F4-305B904F832F}.Release|x64.ActiveCfg = Release|x64
		{0875BCEB-2893-AC46-90F4-305B904F832F}.Release|x64.Build.0 = Release|x64
		{1818F939-590A-0E43-9A37-F70B7427F062}.Debug|Win32.ActiveCfg = Debug|Win32
		{1818F939-590A-0E43-9A37-F70B7427F062}.Debug|Win32.Build.0 = Debug|Win32
		{1818F939-590A-0E43-9A37-F70B7427F062}.Debug|x64.ActiveCfg = Debug|x64
		{1818F939-590A-0E43-9A37-F70B7427F062}.Debug|x64.Build.0 = Debug|x64
		{1818F939-590A-0E43-9A37-F70B7427F062}.Release|Win32.ActiveCfg = Release|Win32
		{1818F939-590A-0E43-9A37-F70B7427F062}.Release|Win32.Build.0 = Release|Win32
		{1818F939-590A-0E43-9A37-F70B7427F062}.Release|x64.ActiveCfg = Release|x64
		{1818F939-590A-0E43-9A37-F70B7427F062}.Release|x64.Build.0 = Release|x64
		{1E11D460-9697-2348-AB2B-B08305570590}.Debug|Win32.ActiveCfg = Debug|Win32
		{1E11D460-9697-2348-AB2B-B08305570590}.Debug|Win32.Build.0 = Debug|Win32
		{1E11D460-9697-2348-AB2B-B08305570590}.Debug|x64.ActiveCfg = Debug|x64
		{1E11D460-9697-2348-AB2B-B08305570590}.Debug|x64.Build.0 = Debug|x64
		{1E11D460-9697-2348-AB2B-B08305570590}.Release|Win32.ActiveCfg = Release|Win32
		{1E11D460-9697-2348-AB2B-B08305570590}.Release|Win32.Build.0 = Release|Win32
		{1E11D460-9697-2348-AB2B-B08305570590}.Release|x64.ActiveCfg = Release|x64
		{1E11D460-9697-2348-AB2B-B08305570590}.Release|x64.Build.0 = Release|x64
		{B3940507-6F76-2F49-B5F0-034D181504A4}.Debug|Win32.ActiveCfg = Debug|Win32
		{B3940507-6F76-2F49-B5F0-034D181504A4}.Debug|Win32.Build.0 = Debug|Win32
		{B3940507-6F76-2F49-B5F0-034D181504A4}.Debug|x64.ActiveCfg = Debug|x64
		{B3940507-6F76-2F49-B5F0-034D181504A4}.Debug|x64.Build.0 = Debug|x64
		{B3940507-6F76-2F49-B5F0-034D181504A4}.Release|Win32.ActiveCfg = Release|Win32
		{B3940507-6F76-2F49-B5F0-034D181504A4}.Release|Win32.Build.0 = Release|Win32
		{B3940507-6F76-2F49-B5F0-034D181504A4}.Release|x64.ActiveCfg = Release|x64
		{B3940507-6F76-2F49-B5F0-034D181504A4}.Release|x64.Build.0 = Release|x64
		{539E28E2-13AB-4043-9F27-BDD8F4A72C5A}.Debug|Win32.ActiveCfg = Debug|Win32
		{539E28E2-13AB-4043-9F27-BDD8F4A72C5A}.Debug|Win32.Build.0 = Debug|Win32
		{539E28E2-13AB-4043-9F27-BDD8F4A72C5A}.Debug|x64.ActiveCfg = Debug|x64
		{539E28E2-13AB-4043-9F27-BDD8F4A72C5A}.Debug|x64.Build.0 = Debug|x64
		{539E28E2-13AB-4043-9F27-BDD8F4A72C5A}.Release|Win32.ActiveCfg = Release|Win32
		{539E28E2-13AB-4043-9F27-BDD8F4A72C5A}.Release|Win32.Build.0 = Release|Win32
		{539E28E2-13AB-4043-9F27-BDD8F4A72C5A}.Release|x64.ActiveCfg = Release|x64
		{539E28E2-13AB-4043-9F27-BDD8F4A72C5A}.Release|x64.Build.0 = Release|x64
		{6DB5DE3C-BE10-1D40-8616-0DDF8820D270}.Debug|Win32.ActiveCfg = Debug|Win32
		{6DB5DE3C-BE10-1D40-8616-0DDF8820D270}.Debug|Win32.Build.0 = Debug|Win32
		{6DB5DE3C-BE10-1D40-8616-0DDF8820D270}.Debug|x64.ActiveCfg = Debug|x64
		{6DB5DE3C-BE10-1D40-8616-0DDF8820D270}.Debug|x64.Build.0 = Debug|x64
		{6DB5DE3C-BE10-1D40-8616-0DDF8820D270}.Release|Win32.ActiveCfg = Release|Win32
		{6DB5DE3C-BE10-1D40-8616-0DDF8820D270}.Release|Win32.Build.0 = Release|Win32
		{6DB5DE3C-BE10-1D40-8616-0DDF8820D270}.Release|x64.ActiveCfg = Release|x64
		{6DB5DE3C-BE10-1D40-8616-0DDF8820D270}.Release|x64.Build.0 = Release|x64
		{8AAFE0AD-DFED-DA40-953B-3B029BFD898E}.Debug|Win32.ActiveCfg = Debug|Win32
		{8AAFE0AD-DFED-DA40-953B-3B029BFD898E}.Debug|Win32.Build.0 = Debug|Win32
		{8AAFE0AD-DFED-DA40-953B-3B029BFD898E}.Debug|x64.ActiveCfg = Debug|x64
		{8AAFE0AD-DFED-DA40-953B-3B029BFD898E}.Debug|x64.Build.0 = Debug|x64
		{8AAFE0AD-DFED-DA40-953B-3B029BFD898E}.Release|Win32.ActiveCfg = Release|Win32
		{8AAFE0AD-DFED-DA40-953B-3B029BFD898E}.Release|Win32.Build.0 = Release|Win32
		{8AAFE0AD-DFED-DA40-953B-3B029BFD898E}.Release|x64.ActiveCfg = Release|x64
		{8AAFE0AD-DFED-DA40-953B-3B029BFD898E}.Release|x64.Build.0 = Release|x64
		{150D92BD-227D-6D45-ADA2-3C327BE4F328}.Debug|Win32.ActiveCfg = Debug|Win32
		{150D92BD-227D-6D45-ADA2-3C327BE4F328}.Debug|Win32.Build.0 = Debug|Win32
		{150D92BD-227D-6D45-ADA2-3C327BE4F328}.Debug|x64.ActiveCfg = Debug|x64
		{150D92BD-227D-6D45-ADA2-3C327BE4F328}.Debug|x64.Build.0 = Debug|x64
		{150D92BD-227D-6D45-ADA2-3C327BE4F328}.Release|Win32.ActiveCfg = Release|Win32
		{150D92BD-227D-6D45-ADA2-3C327BE4F328}.Release|Win32.Build.0 = Release|Win32
		{150D92BD-227D-6D45-ADA2-3C327BE4F328}.Release|x64.ActiveCfg = Release|x64
		{150D92BD-227D-6D45-ADA2-3C327BE4F328}.Release|x64.Build.0 = Release|x64
		{82AF3023-9C57-774C-8878-5CCB496954C2}.Debug|Win32.ActiveCfg = Debug|Win32
		{82AF3023-9C57-774C-8878-5CCB496954C2}.Debug|Win32.Build.0 = Debug|Win32
		{82AF3023-9C57-774C-8878-5CCB496954C2}.Debug|x64.ActiveCfg = Debug|x64
		{82AF3023-9C57-774C-8878-5CCB496954C2}.Debug|x64.Build.0 = Debug|x64
		{82AF3023-9C57-774C-8878-5CCB496954C2}.Release|Win32.ActiveCfg = Release|Win32
		{82AF3023-9C57-774C-8878-5CCB496954C2}.Release|Win32.Build.0 = Release|Win32
		{82AF3023-9C57-774C-8878-5CCB496954C2}.Release|x64.ActiveCfg = Release|x64
		{82AF3023-9C57-774C-8878-5CCB496954C2}.Release|x64.Build.0 = Release|x64
		{6B1558A8-9933-0145-B298-F2ED3DFB991A}.Debug|Win32.ActiveCfg = Debug|Win32
		{6B1558A8-9933-0145-B298-F2ED3DFB991A}.Debug|Win32.Build.0 = Debug|Win32
		{6B1558A8-9933-0145-B298-F2ED3DFB991A}.Debug|x64.ActiveCfg = Debug|x64
		{6B1558A8-9933-0145-B298-F2ED3DFB991A}.Debug|x64.Build.0 = Debug|x64
		{6B1558A8-9933-0145-B298-F2ED3DFB991A}.Release|Win32.ActiveCfg = Release|Win32
		{6B1558A8-9933-0145-B298-F2ED3DFB991A}.Release|Win32.Build.0 = Release|Win32
		{6B1558A8-9933-0145-B298-F2ED3DFB991A}.Release|x64.ActiveCfg = Release|x64
		{6B1558A8-9933-0145-B298-F2ED3DFB991A}.Release|x64.Build.0 = Release|x64
		{1CE475D7-40C0-3342-9E53-3A095F1C2944}.Debug|Win32.ActiveCfg = Debug|Win32
		{1CE475D7-40C0-3342-9E53-3A095F1C2944}.Debug|Win32.Build.0 = Debug|Win32
		{1CE475D7-40C0-3342-9E53-3A095F1C2944}.Debug|x64.ActiveCfg = Debug|x64
		{1CE475D7-40C0-3342-9E53-3A095F1C2944}.Debug|x64.Build.0 = Debug|x64
		{1CE475D7-40C0-3342-9E53-3A095F1C2944}.Release|Win32.ActiveCfg = Release|Win32
		{1CE475D7-40C0-3342-9E53-3A095F1C2944}.Release|Win32.Build.0 = Release|Win32
		{1CE475D7-40C0-3342-9E53-3A095F1C2944}.Release|x64.ActiveCfg = Release|x64
		{1CE475D7-40C0-3342-9E53-3A095F1C2944}.Release|x64.Build.0 = Release|x64
		{DD5DA0FF-C263-034E-9575-A4790439FF05}.Debug|Win32.ActiveCfg = Debug|Win32
		{DD5DA0FF-C263-034E-9575-A4790439FF05}.Debug|Win32.Build.0 = Debug|Win32
		{DD5DA0FF-C263-034E-9575-A4790439FF05}.Debug|x64.ActiveCfg = Debug|x64
		{DD5DA0FF-C263-034E-9575-A4790439FF05}.Debug|x64.Build.0 = Debug|x64
		{DD5DA0FF-C263-034E-9575-A4790439FF05}.Release|Win32.ActiveCfg = Release|Win32
		{DD5DA0FF-C263-034E-9575-A4790439FF05}.Release|Win32.Build.0 = Release|Win32
		{DD5DA0FF-C263-034E-9575-A4790439FF05}.Release|x64.ActiveCfg = Release|x64
		{DD5DA0FF-C263-034E-9575-A4790439FF05}.Release|x64.Build.0 = Release|x64
		{A4133F99-472E-2441-A87A-E546140BA9BF}.Debug|Win32.ActiveCfg = Debug|Win32
		{A4133F99-472E-2441-A87A-E546140BA9BF}.Debug|Win32.Build.0 = Debug|Win32
		{A4133F99-472E-2441-A87A-E546140BA9BF}.Debug|x64.ActiveCfg = Debug|x64
		{A4133F99-472E-2441-A87A-E546140BA9BF}.Debug|x64.Build.0 = Debug|x64
		{A4133F99-472E-2441-A87A-E546140BA9BF}.Release|Win32.ActiveCfg = Release|Win32
		{A4133F99-472E-2441-A87A-E546140BA9BF}.Release|Win32.Build.0 = Release|Win32
		{A4133F99-472E-2441-A87A-E546140BA9BF}.Release|x64.ActiveCfg = Release|x64
		{A4133F99-472E-2441-A87A-E546140BA9BF}.Release|x64.Build.0 = Release|x64
		{D506A427-E5C6-1F44-B735-103F33F2C96D}.Debug|Win32.ActiveCfg = Debug|Win32
		{D506A427-E5C6-1F44-B735-103F33F2C96D}.Debug|Win32.Build.0 = Debug|Win32
		{D506A427-E5C6-1F44-B735-103F33F2C96D}.Debug|x64.ActiveCfg = Debug|x64
		{D506A427-E5C6-1F44-B735-103F33F2C96D}.Debug|x64.Build.0 = Debug|x64
		{D506A427-E5C6-1F44-B735-103F33F2C96D}.Release|Win32.ActiveCfg = Release|Win32
		{D506A427-E5C6-1F44-B735-103F33F2C96D}.Release|Win32.Build.0 = Release|Win32
		{D506A427-E5C6-1F44-B735-103F33F2C96D}.Release|x64.ActiveCfg = Release|x64
		{D506A427-E5C6-1F44-B735-103F33F2C96D}.Release|x64.Build.0 = Release|x64
		{3DB96D22-6AAB-ED4C-A156-90111D6190C8}.Debug|Win32.ActiveCfg = Debug|Win32
		{3DB96D22-6AAB-ED4C-A156-90111D6190C8}.Debug|Win32.Build.0 = Debug|Win32
		{3DB96D22-6AAB-ED4C-A156-90111D6190C8}.Debug|x64.ActiveCfg = Debug|x64
		{3DB96D22-6AAB-ED4C-A156-90111D6190C8}.Debug|x64.Build.0 = Debug|x64
		{3DB96D22-6AAB-ED4C-A156-90111D6190C8}.Release|Win32.ActiveCfg = Release|Win32
		{3DB96D22-6AAB-ED4C-A156-90111D6190C8}.Release|Win32.Build.0 = Release|Win32
		{3DB96D22-6AAB-ED4C-A156-90111D6190C8}.Release|x64.ActiveCfg = Release|x64
		{3DB96D22-6AAB-ED4C-A156-90111D6190C8}.Release|x64.Build.0 = Release|x64
		{67F02A5B-34B1-AD43-8DD0-EFE7AB10BCBD}.Debug|Win32.ActiveCfg = Debug|Win32
		{67F02A5B-34B1-AD43-8DD0-EFE7AB10BCBD}.Debug|Win32.Build.0 = Debug|Win32
		{67F02A5B-34B1-AD43-8DD0-EFE7AB10BCBD}.Debug|x64.ActiveCfg = Debug|x64
		{67F02A5B-34B1-AD43-8DD0-EFE7AB10BCBD}.Debug|x64.Build.0 = Debug|x64
		{67F02A5B-34B1-AD43-8DD0-EFE7AB10BCBD}.Release|Win32.ActiveCfg = Release|Win32
		{67F02A5B-34B1-AD43-8DD0-EFE7AB10BCBD}.Release|Win32.Build.0 = Release|Win32
		{67F02A5B-34B1-AD43-8DD0-EFE7AB10BCBD}.Release|x64.ActiveCfg = Release|x64
		{67F02A5B-34B1-AD43-8DD0-EFE7AB10BCBD}.Release|x64.Build.0 = Release|x64
		{2CEE0B3E-9FB2-7542-B4DF-AA25FBCB6E02}.Debug|Win32.ActiveCfg = Debug|Win32
		{2CEE0B3E-9FB2-7542-B4DF-AA25FBCB6E02}.Debug|Win32.Build.0 = Debug|Win32
		{2CEE0B3E-9FB2-7542-B4DF-AA25FBCB6E02}.Debug|x64.ActiveCfg = Debug|x64
		{2CEE0B3E-9FB2-7542-B4DF-AA25FBCB6E02}.Debug|x64.Build.0 = Debug|x64
		{2CEE0B3E-9FB2-7542-B4DF-AA25FBCB6E02}.Release|Win32.ActiveCfg = Release|Win32
		{2CEE0B3E-9FB2-7542-B4DF-AA25FBCB6E02}.Release|Win32.Build.0 = Release|Win32
		{2CEE0B3E-9FB2-7542-B4DF-AA25FBCB6E02}.Release|x64.ActiveCfg = Release|x64
		{2CEE0B3E-9FB2-7542-B4DF-AA25FBCB6E02}.Release|x64.Build.0 = Release|x64
		{8B266C6E-8FF8-834C-8933-519130AE6B2B}.Debug|Win32.ActiveCfg = Debug|Win32
		{8B266C6E-8FF8-834C-8933-519130AE6B2B}.Debug|Win32.Build.0 = Debug|Win32
		{8B266C6E-8FF8-834C-8933-519130AE6B2B}.Debug|x64.ActiveCfg = Debug|x64
		{8B266C6E-8FF8-834C-8933-519130AE6B2B}.Debug|x64.Build.0 = Debug|x64
		{8B266C6E-8FF8-834C-8933-519130AE6B2B}.Release|Win32.ActiveCfg = Release|Win32
		{8B266C6E-8FF8-834C-8933-519130AE6B2B}.Release|Win32.Build.0 = Release|Win32
		{8B266C6E-8FF8-834C-8933-519130AE6B2B}.Release|x64.ActiveCfg = Release|x64
		{8B266C6E-8FF8-834C-8933-519130AE6B2B}.Release|x64.Build.0 = Release|x64
		{5B45D2DF-4DA9-C444-833F-B55A5B5EC646}.Debug|Win32.ActiveCfg = Debug|Win32
		{5B45D2DF-4DA9-C444-833F-B55A5B5EC646}.Debug|Win32.Build.0 = Debug|Win32
		{5B45D2DF-4DA9-C444-833F-B55A5B5EC646}.Debug|x64.ActiveCfg = Debug|x64
		{5B45D2DF-4DA9-C444-833F-B55A5B5EC646}.Debug|x64.Build.0 = Debug|x64
		{5B45D2DF-4DA9-C444-833F-B55A5B5EC646}.Release|Win32.ActiveCfg = Release|Win32
		{5B45D2DF-4DA9-C444-833F-B55A5B5EC646}.Release|Win32.Build.0 = Release|Win32
		{5B45D2DF-4DA9-C444-833F-B55A5B5EC646}.Release|x64.ActiveCfg = Release|x64
		{5B45D2DF-4DA9-C444-833F-B55A5B5EC646}.Release|x64.Build.0 = Release|x64
		{42BEC501-62BE-954A-83A1-53D396616502}.Debug|Win32.ActiveCfg = Debug|Win32
		{42BEC501-62BE-954A-83A1-53D396616502}.Debug|Win32.Build.0 = Debug|Win32
		{42BEC501-62BE-954A-83A1-53D396616502}.Debug|x64.ActiveCfg = Debug|x64
		{42BEC501-62BE-954A-83A1-53D396616502}.Debug|x64.Build.0 = Debug|x64
		{42BEC501-62BE-954A-83A1-53D396616502}.Release|Win32.ActiveCfg = Release|Win32
		{42BEC501-62BE-954A-83A1-53D396616502}.Release|Win32.Build.0 = Release|Win32
		{42BEC501-62BE-954A-83A1-53D396616502}.Release|x64.ActiveCfg = Release|x64
		{42BEC501-62BE-954A-83A1-53D396616502}.Release|x64.Build.0 = Release|x64
		{B971AE99-F75A-1E43-BE93-0D3E93CDB04E}.Debug|Win32.ActiveCfg = Debug|Win32
		{B971AE99-F75A-1E43-BE93-0D3E93CDB04E}.Debug|Win32.Build.0 = Debug|Win32
		{B971AE99-F75A-1E43-BE93-0D3E93CDB04E}.Debug|x64.ActiveCfg = Debug|x64
		{B971AE99-F75A-1E43-BE93-0D3E93CDB04E}.Debug|x64.Build.0 = Debug|x64
		{B971AE99-F75A-1E43-BE93-0D3E93CDB04E}.Release|Win32.ActiveCfg = Release|Win32
		{B971AE99-F75A-1E43-BE93-0D3E93CDB04E}.Release|Win32.Build.0 = Release|Win32
		{B971AE99-F75A-1E43-BE93-0D3E93CDB04E}.Release|x64.ActiveCfg = Release|x64
		{B971AE99-F75A-1E43-BE93-0D3E93CDB04E}.Release|x64.Build.0 = Release|x64
		{DF86D458-2A2F-4B4A-AB96-CD3837E41B85}.Debug|Win32.ActiveCfg = Debug|Win32
		{DF86D458-2A2F-4B4A-AB96-CD3837E41B85}.Debug|Win32.Build.0 = Debug|Win32
		{DF86D458-2A2F-4B4A-AB96-CD3837E41B85}.Debug|x64.ActiveCfg = Debug|x64
		{DF86D458-2A2F-4B4A-AB96-CD3837E41B85}.Debug|x64.Build.0 = Debug|x64
		{DF86D458-2A2F-4B4A-AB96-CD3837E41B85}.Release|Win32.ActiveCfg = Release|Win32
		{DF86D458-2A2F-4B4A-AB96-CD3837E41B85}.Release|Win32.Build.0 = Release|Win32
		{DF86D458-2A2F-4B4A-AB96-CD3837E41B85}.Release|x64.ActiveCfg = Release|x64
		{DF86D458-2A2F-4B4A-AB96-CD3837E41B85}.Release|x64.Build.0 = Release|x64
		{F80B7718-1E0E-B64B-B318-02AFAB729D96}.Debug|Win32.ActiveCfg = Debug|Win32
		{F80B7718-1E0E-B64B-B318-02AFAB729D96}.Debug|Win32.Build.0 = Debug|Win32
		{F80B7718-1E0E-B64B-B318-02AFAB729D96}.Debug|x64.ActiveCfg = Debug|x64
		{F80B7718-1E0E-B64B-B318-02AFAB729D96}.Debug|x64.Build.0 = Debug|x64
		{F80B7718-1E0E-B64B-B318-02AFAB729D96}.Release|Win32.ActiveCfg = Release|Win32
		{F80B7718-1E0E-B64B-B318-02AFAB729D96}.Release|Win32.Build.0 = Release|Win32
		{F80B7718-1E0E-B64B-B318-02AFAB729D96}.Release|x64.ActiveCfg = Release|x64
		{F80B7718-1E0E-B64B-B318-02AFAB729D96}.Release|x64.Build.0 = Release|x64
		{1C29747C-DF6C-264D-B0F3-AD7E595B9B0B}.Debug|Win32.ActiveCfg = Debug|Win32
		{1C29747C-DF6C-264D-B0F3-AD7E595B9B0B}.Debug|Win32.Build.0 = Debug|Win32
		{1C29747C-DF6C-264D-B0F3-AD7E595B9B0B}.Debug|x64.ActiveCfg = Debug|x64
		{1C29747C-DF6C-264D-B0F3-AD7E595B9B0B}.Debug|x64.Build.0 = Debug|x64
		{1C29747C-DF6C-264D-B0F3-AD7E595B9B0B}.Release|Win32.ActiveCfg = Release|Win32
		{1C29747C-DF6C-264D-B0F3-AD7E595B9B0B}.Release|Win32.Build.0 = Release|Win32
		{1C29747C-DF6C-264D-B0F3-AD7E595B9B0B}.Release|x64.ActiveCfg = Release|x64
		{1C29747C-DF6C-264D-B0F3-AD7E595B9B0B}.Release|x64.Build.0 = Release|x64
		{0A3C9521-C53A-2C48-BB4D-5CD513A4995B}.Debug|Win32.ActiveCfg = Debug|Win32
		{0A3C9521-C53A-2C48-BB4D-5CD513A4995B}.Debug|Win32.Build.0 = Debug|Win32
		{0A3C9521-C53A-2C48-BB4D-5CD513A4995B}.Debug|x64.ActiveCfg = Debug|x64
		{0A3C9521-C53A-2C48-BB4D-5CD513A4995B}.Debug|x64.Build.0 = Debug|x64
		{0A3C9521-C53A-2C48-BB4D-5CD513A4995B}.Release|Win32.ActiveCfg = Release|Win32
		{0A3C9521-C53A-2C48-BB4D-5CD513A4995B}.Release|Win32.Build.0 = Release|Win32
		{0A3C9521-C53A-2C48-BB4D-5CD513A4995B}.Release|x64.ActiveCfg = Release|x64
		{0A3C9521-C53A-2C48-BB4D-5CD513A4995B}.Release|x64.Build.0 = Release|x64
		{13F9B58E-131E-AB47-9898-C95252C5D866}.Debug|Win32.ActiveCfg = Debug|Win32
		{13F9B58E-131E-AB47-9898-C95252C5D866}.Debug|Win32.Build.0 = Debug|Win32
		{13F9B58E-131E-AB47-9898-C95252C5D866}.Debug|x64.ActiveCfg = Debug|x64
		{13F9B58E-131E-AB47-9898-C95252C5D866}.Debug|x64.Build.0 = Debug|x64
		{13F9B58E-131E-AB47-9898-C95252C5D866}.Release|Win32.ActiveCfg = Release|Win32
		{13F9B58E-131E-AB47-9898-C95252C5D866}.Release|Win32.Build.0 = Release|Win32
		{13F9B58E-131E-AB47-9898-C95252C5D866}.Release|x64.ActiveCfg = Release|x64
		{13F9B58E-131E-AB47-9898-C95252C5D866}.Release|x64.Build.0 = Release|x64
		{79B495C8-7F66-894E-8BF6-7D603F6A010B}.Debug|Win32.ActiveCfg = Debug|Win32
		{79B495C8-7F66-894E-8BF6-7D603F6A010B}.Debug|Win32.Build.0 = Debug|Win32
		{79B495C8-7F66-894E-8BF6-7D603F6A010B}.Debug|x64.ActiveCfg = Debug|x64
		{79B495C8-7F66-894E-8BF6-7D603F6A010B}.Debug|x64.Build.0 = Debug|x64
		{79B495C8-7F66-894E-8BF6-7D603F6A010B}.Release|Win32.ActiveCfg = Release|Win32
		{79B495C8-7F66-894E-8BF6-7D603F6A010B}.Release|Win32.Build.0 = Release|Win32
		{79B495C8-7F66-894E-8BF6-7D603F6A010B}.Release|x64.ActiveCfg = Release|x64
		{79B495C8-7F66-894E-8BF6-7D603F6A010B}.Release|x64.Build.0 = Release|x64
		{E3DB5ACD-D1FC-5F4D-BEFE-C2036A7967EB}.Debug|Win32.ActiveCfg = Debug|Win32
		{E3DB5ACD-D1FC-5F4D-BEFE-C2036A7967EB}.Debug|Win32.Build.0 = Debug|Win32
		{E3DB5ACD-D1FC-5F4D-BEFE-C2036A7967EB}.Debug|x64.ActiveCfg = Debug|x64
		{E3DB5ACD-D1FC-5F4D-BEFE-C2036A7967EB}.Debug|x64.Build.0 = Debug|x64
		{E3DB5ACD-D1FC-5F4D-BEFE-C2036A7967EB}.Release|Win32.ActiveCfg = Release|Win32
		{E3DB5ACD-D1FC-5F4D-BEFE-C2036A7967EB}.Release|Win32.Build.0 = Release|Win32
		{E3DB5ACD-D1FC-5F4D-BEFE-C2036A7967EB}.Release|x64.ActiveCfg = Release|x64
		{E3DB5ACD-D1FC-5F4D-BEFE-C2036A7967EB}.Release|x64.Build.0 = Release|x64
		{7CCE229F-651A-3E46-862F-9EB87A7BB6C4}.Debug|Win32.ActiveCfg = Debug|Win32
		{7CCE229F-651A-3E46-862F-9EB87A7BB6C4}.Debug|Win32.Build.0 = Debug|Win32
		{7CCE229F-651A-3E46-862F-9EB87A7BB6C4}.Debug|x64.ActiveCfg = Debug|x64
		{7CCE229F-651A-3E46-862F-9EB87A7BB6C4}.Debug|x64.Build.0 = Debug|x64
		{7CCE229F-651A-3E46-862F-9EB87A7BB6C4}.Release|Win32.ActiveCfg = Release|Win32
		{7CCE229F-651A-3E46-862F-9EB87A7BB6C4}.Release|Win32.Build.0 = Release|Win32
		{7CCE229F-651A-3E46-862F-9EB87A7BB6C4}.Release|x64.ActiveCfg = Release|x64
		{7CCE229F-651A-3E46-862F-9EB87A7BB6C4}.Release|x64.Build.0 = Release|x64
		{4A9995B2-E7F8-FA4C-91B9-51A16AF9F75D}.Debug|Win32.ActiveCfg = Debug|Win32
		{4A9995B2-E7F8-FA4C-91B9-51A16AF9F75D}.Debug|Win32.Build.0 = Debug|Win32
		{4A9995B2-E7F8-FA4C-91B9-51A16AF9F75D}.Debug|x64.ActiveCfg = Debug|x64
		{4A9995B2-E7F8-FA4C-91B9-51A16AF9F75D}.Debug|x64.Build.0 = Debug|x64
		{4A9995B2-E7F8-FA4C-91B9-51A16AF9F75D}.Release|Win32.ActiveCfg = Release|Win32
		{4A9995B2-E7F8-FA4C-91B9-51A16AF9F75D}.Release|Win32.Build.0 = Release|Win32
		{4A9995B2-E7F8-FA4C-91B9-51A16AF9F75D}.Release|x64.ActiveCfg = Release|x64
		{4A9995B2-E7F8-FA4C-91B9-51A16AF9F75D}.Release|x64.Build.0 = Release|x64
		{6A13BC40-903F-494A-A997-1BEF7119A9C4}.Debug|Win32.ActiveCfg = Debug|Win32
		{6A13BC40-903F-494A-A997-1BEF7119A9C4}.Debug|Win32.Build.0 = Debug|Win32
		{6A13BC40-903F-494A-A997-1BEF7119A9C4}.Debug|x64.ActiveCfg = Debug|x64
		{6A13BC40-903F-494A-A997-1BEF7119A9C4}.Debug|x64.Build.0 = Debug|x64
		{6A13BC40-903F-494A-A997-1BEF7119A9C4}.Release|Win32.ActiveCfg = Release|Win32
		{6A13BC40-903F-494A-A997-1BEF7119A9C4}.Release|Win32.Build.0 = Release|Win32
		{6A13BC40-903F-494A-A997-1BEF7119A9C4}.Release|x64.ActiveCfg = Release|x64
		{6A13BC40-903F-494A-A997-1BEF7119A9C4}.Release|x64.Build.0 = Release|x64
		{CCB41780-3DB0-BE4E-BBBC-7BA8DCE52742}.Debug|Win32.ActiveCfg = Debug|Win32
		{CCB41780-3DB0-BE4E-BBBC-7BA8DCE52742}.Debug|Win32.Build.0 = Debug|Win32
		{CCB41780-3DB0-BE4E-BBBC-7BA8DCE52742}.Debug|x64.ActiveCfg = Debug|x64
		{CCB41780-3DB0-BE4E-BBBC-7BA8DCE52742}.Debug|x64.Build.0 = Debug|x64
		{CCB41780-3DB0-BE4E-BBBC-7BA8DCE52742}.Release|Win32.ActiveCfg = Release|Win32
		{CCB41780-3DB0-BE4E-BBBC-7BA8DCE52742}.Release|Win32.Build.0 = Release|Win32
		{CCB41780-3DB0-BE4E-BBBC-7BA8DCE52742}.Release|x64.ActiveCfg = Release|x64
		{CCB41780-3DB0-BE4E-BBBC-7BA8DCE52742}.Release|x64.Build.0 = Release|x64
		{ABC41965-0EA8-D744-BA71-288E00BDB1F9}.Debug|Win32.ActiveCfg = Debug|Win32
		{ABC41965-0EA8-D744-BA71-288E00BDB1F9}.Debug|Win32.Build.0 = Debug|Win32
		{ABC41965-0EA8-D744-BA71-288E00BDB1F9}.Debug|x64.ActiveCfg = Debug|x64
		{ABC41965-0EA8-D744-BA71-288E00BDB1F9}.Debug|x64.Build.0 = Debug|x64
		{ABC41965-0EA8-D744-BA71-288E00BDB1F9}.Release|Win32.ActiveCfg = Release|Win32
		{ABC41965-0EA8-D744-BA71-288E00BDB1F9}.Release|Win32.Build.0 = Release|Win32
		{ABC41965-0EA8-D744-BA71-288E00BDB1F9}.Release|x64.ActiveCfg = Release|x64
		{ABC41965-0EA8-D744-BA71-288E00BDB1F9}.Release|x64.Build.0 = Release|x64
		{CDB720E5-53EA-C74C-97E8-4F6182985B9B}.Debug|Win32.ActiveCfg = Debug|Win32
		{CDB720E5-53EA-C74C-97E8-4F6182985B9B}.Debug|Win32.Build.0 = Debug|Win32
		{CDB720E5-53EA-C74C-97E8-4F6182985B9B}.Debug|x64.ActiveCfg = Debug|x64
		{CDB720E5-53EA-C74C-97E8-4F6182985B9B}.Debug|x64.Build.0 = Debug|x64
		{CDB720E5-53EA-C74C-97E8-4F6182985B9B}.Release|Win32.ActiveCfg = Release|Win32
		{CDB720E5-53EA-C74C-97E8-4F6182985B9B}.Release|Win32.Build.0 = Release|Win32
		{CDB720E5-53EA-C74C-97E8-4F6182985B9B}.Release|x64.ActiveCfg = Release|x64
		{CDB720E5-53EA-C74C-97E8-4F6182985B9B}.Release|x64.Build.0 = Release|x64
	EndGlobalSection
	GlobalSection(SolutionProperties) = preSolution
		HideSolutionNode = FALSE
	EndGlobalSection
	GlobalSection(ExtensibilityGlobals) = postSolution
		SolutionGuid = {48B38207-0CDD-4F49-9907-D2DB17C69196}
	EndGlobalSection
EndGlobal
