<?xml version="1.0" encoding="utf-8"?>
<Project ToolsVersion="4.0" xmlns="http://schemas.microsoft.com/developer/msbuild/2003">
  <ItemGroup>
    <Filter Include="examples">
      <UniqueIdentifier>{4A9BAD35-D247-994C-93EB-20DEC904A47C}</UniqueIdentifier>
    </Filter>
    <Filter Include="examples\ThirdPartyLibs">
      <UniqueIdentifier>{C75B7081-C1A4-5446-9178-D82FFE81452D}</UniqueIdentifier>
    </Filter>
    <Filter Include="examples\ThirdPartyLibs\clsocket">
      <UniqueIdentifier>{57E4A30A-CF91-6648-B96A-4C501367DCC4}</UniqueIdentifier>
    </Filter>
    <Filter Include="examples\ThirdPartyLibs\clsocket\src">
      <UniqueIdentifier>{2CA95474-7FBD-5642-9DEA-4B98C3C874E7}</UniqueIdentifier>
    </Filter>
  </ItemGroup>
  <ItemGroup>
    <ClInclude Include="..\..\examples\ThirdPartyLibs\clsocket\src\ActiveSocket.h">
      <Filter>examples\ThirdPartyLibs\clsocket\src</Filter>
    </ClInclude>
    <ClInclude Include="..\..\examples\ThirdPartyLibs\clsocket\src\Host.h">
      <Filter>examples\ThirdPartyLibs\clsocket\src</Filter>
    </ClInclude>
    <ClInclude Include="..\..\examples\ThirdPartyLibs\clsocket\src\PassiveSocket.h">
      <Filter>examples\ThirdPartyLibs\clsocket\src</Filter>
    </ClInclude>
    <ClInclude Include="..\..\examples\ThirdPartyLibs\clsocket\src\SimpleSocket.h">
      <Filter>examples\ThirdPartyLibs\clsocket\src</Filter>
    </ClInclude>
    <ClInclude Include="..\..\examples\ThirdPartyLibs\clsocket\src\StatTimer.h">
      <Filter>examples\ThirdPartyLibs\clsocket\src</Filter>
    </ClInclude>
  </ItemGroup>
  <ItemGroup>
    <ClCompile Include="..\..\examples\ThirdPartyLibs\clsocket\src\SimpleSocket.cpp">
      <Filter>examples\ThirdPartyLibs\clsocket\src</Filter>
    </ClCompile>
    <ClCompile Include="..\..\examples\ThirdPartyLibs\clsocket\src\ActiveSocket.cpp">
      <Filter>examples\ThirdPartyLibs\clsocket\src</Filter>
    </ClCompile>
    <ClCompile Include="..\..\examples\ThirdPartyLibs\clsocket\src\PassiveSocket.cpp">
      <Filter>examples\ThirdPartyLibs\clsocket\src</Filter>
    </ClCompile>
  </ItemGroup>
</Project>
